// !$*UTF8*$!
{
	archiveVersion = 1;
	classes = {
	};
	objectVersion = 55;
	objects = {

/* Begin PBXBuildFile section */
		689AB2164257336B833F7A8A /* Pods_Growth99.framework in Frameworks */ = {isa = PBXBuildFile; fileRef = B09670DEAC7D86BE95FED127 /* Pods_Growth99.framework */; };
		84737BA028F81A0D0017F14D /* ForgotPasswordViewController.swift in Sources */ = {isa = PBXBuildFile; fileRef = 84737B9F28F81A0D0017F14D /* ForgotPasswordViewController.swift */; };
		84737BA228F81A5D0017F14D /* ForgotPasswordViewController.storyboard in Resources */ = {isa = PBXBuildFile; fileRef = 84737BA128F81A5D0017F14D /* ForgotPasswordViewController.storyboard */; };
		847CCCA82912AC7E005C8DE9 /* SpinnerView.swift in Sources */ = {isa = PBXBuildFile; fileRef = 847CCCA72912AC7E005C8DE9 /* SpinnerView.swift */; };
		847E1F1F2916B39200C221C0 /* test.json in Resources */ = {isa = PBXBuildFile; fileRef = 847E1F1E2916B39200C221C0 /* test.json */; };
		847E1F222916DA6000C221C0 /* HeaderViewTableViewCell.swift in Sources */ = {isa = PBXBuildFile; fileRef = 847E1F202916DA6000C221C0 /* HeaderViewTableViewCell.swift */; };
		847E1F232916DA6000C221C0 /* HeaderViewTableViewCell.xib in Resources */ = {isa = PBXBuildFile; fileRef = 847E1F212916DA6000C221C0 /* HeaderViewTableViewCell.xib */; };
		84872AFE291791360063DD3B /* MenuTableViewCell.swift in Sources */ = {isa = PBXBuildFile; fileRef = 84872AFC291791360063DD3B /* MenuTableViewCell.swift */; };
		84872AFF291791360063DD3B /* MenuTableViewCell.xib in Resources */ = {isa = PBXBuildFile; fileRef = 84872AFD291791360063DD3B /* MenuTableViewCell.xib */; };
		84872B0129179D790063DD3B /* MenuModel.swift in Sources */ = {isa = PBXBuildFile; fileRef = 84872B0029179D790063DD3B /* MenuModel.swift */; };
		84872B032917BBD30063DD3B /* DrawerViewModel.swift in Sources */ = {isa = PBXBuildFile; fileRef = 84872B022917BBD30063DD3B /* DrawerViewModel.swift */; };
		84872B112919464F0063DD3B /* iOSDropDown.swift in Sources */ = {isa = PBXBuildFile; fileRef = 84872B0D2919464E0063DD3B /* iOSDropDown.swift */; };
		84872B15291A89150063DD3B /* HomeViewModel.swift in Sources */ = {isa = PBXBuildFile; fileRef = 84872B14291A89150063DD3B /* HomeViewModel.swift */; };
		848EA56628F83872002265DE /* ForgotPasswordViewModel.swift in Sources */ = {isa = PBXBuildFile; fileRef = 848EA56528F83872002265DE /* ForgotPasswordViewModel.swift */; };
		848EA56828F83888002265DE /* RegistrationViewModel.swift in Sources */ = {isa = PBXBuildFile; fileRef = 848EA56728F83888002265DE /* RegistrationViewModel.swift */; };
		848EA56A28F84BEE002265DE /* LoginModel.swift in Sources */ = {isa = PBXBuildFile; fileRef = 848EA56928F84BEE002265DE /* LoginModel.swift */; };
		848F4D7E28F1C160007AC421 /* AppDelegate.swift in Sources */ = {isa = PBXBuildFile; fileRef = 848F4D7D28F1C160007AC421 /* AppDelegate.swift */; };
		848F4D8028F1C160007AC421 /* SceneDelegate.swift in Sources */ = {isa = PBXBuildFile; fileRef = 848F4D7F28F1C160007AC421 /* SceneDelegate.swift */; };
		848F4D8228F1C160007AC421 /* LogInViewController.swift in Sources */ = {isa = PBXBuildFile; fileRef = 848F4D8128F1C160007AC421 /* LogInViewController.swift */; };
		848F4D8528F1C160007AC421 /* LogInViewController.storyboard in Resources */ = {isa = PBXBuildFile; fileRef = 848F4D8328F1C160007AC421 /* LogInViewController.storyboard */; };
		848F4D8728F1C164007AC421 /* Assets.xcassets in Resources */ = {isa = PBXBuildFile; fileRef = 848F4D8628F1C164007AC421 /* Assets.xcassets */; };
		848F4D8A28F1C164007AC421 /* LaunchScreen.storyboard in Resources */ = {isa = PBXBuildFile; fileRef = 848F4D8828F1C164007AC421 /* LaunchScreen.storyboard */; };
		848F4D9528F1C164007AC421 /* Growth99Tests.swift in Sources */ = {isa = PBXBuildFile; fileRef = 848F4D9428F1C164007AC421 /* Growth99Tests.swift */; };
		848F4D9F28F1C164007AC421 /* Growth99UITests.swift in Sources */ = {isa = PBXBuildFile; fileRef = 848F4D9E28F1C164007AC421 /* Growth99UITests.swift */; };
		848F4DA128F1C164007AC421 /* Growth99UITestsLaunchTests.swift in Sources */ = {isa = PBXBuildFile; fileRef = 848F4DA028F1C164007AC421 /* Growth99UITestsLaunchTests.swift */; };
		848F4DAE28F1C1A3007AC421 /* NetworkManager.swift in Sources */ = {isa = PBXBuildFile; fileRef = 848F4DAD28F1C1A3007AC421 /* NetworkManager.swift */; };
		848F4DB028F1C1D8007AC421 /* RefreshTokenRequest.swift in Sources */ = {isa = PBXBuildFile; fileRef = 848F4DAF28F1C1D8007AC421 /* RefreshTokenRequest.swift */; };
		848F4DB228F1C207007AC421 /* ApiRouter.swift in Sources */ = {isa = PBXBuildFile; fileRef = 848F4DB128F1C207007AC421 /* ApiRouter.swift */; };
		848F4DB428F1C224007AC421 /* ErrorDetails.swift in Sources */ = {isa = PBXBuildFile; fileRef = 848F4DB328F1C224007AC421 /* ErrorDetails.swift */; };
		848F4DB628F1C258007AC421 /* ErrorResponse.swift in Sources */ = {isa = PBXBuildFile; fileRef = 848F4DB528F1C258007AC421 /* ErrorResponse.swift */; };
		848F4DB828F1C2AB007AC421 /* Reachability.swift in Sources */ = {isa = PBXBuildFile; fileRef = 848F4DB728F1C2AB007AC421 /* Reachability.swift */; };
		848F4DBE28F1CC1D007AC421 /* UserRepository.swift in Sources */ = {isa = PBXBuildFile; fileRef = 848F4DBD28F1CC1D007AC421 /* UserRepository.swift */; };
		848F4DC028F1CC61007AC421 /* User.swift in Sources */ = {isa = PBXBuildFile; fileRef = 848F4DBF28F1CC61007AC421 /* User.swift */; };
		848F4DC228F1CCBF007AC421 /* KeychainWrapper.swift in Sources */ = {isa = PBXBuildFile; fileRef = 848F4DC128F1CCBF007AC421 /* KeychainWrapper.swift */; };
		848F4DC428F1CCC7007AC421 /* KeychainItemAccessibility.swift in Sources */ = {isa = PBXBuildFile; fileRef = 848F4DC328F1CCC7007AC421 /* KeychainItemAccessibility.swift */; };
		848F4DCA28F1DA20007AC421 /* ViewExtension.swift in Sources */ = {isa = PBXBuildFile; fileRef = 848F4DC928F1DA20007AC421 /* ViewExtension.swift */; };
		848F4DCC28F1DAB0007AC421 /* UIColorExtension.swift in Sources */ = {isa = PBXBuildFile; fileRef = 848F4DCB28F1DAB0007AC421 /* UIColorExtension.swift */; };
		848F4DCE28F1E19C007AC421 /* UITextFieldExtension.swift in Sources */ = {isa = PBXBuildFile; fileRef = 848F4DCD28F1E19C007AC421 /* UITextFieldExtension.swift */; };
		848F4DD128F1E53A007AC421 /* LogInViewModel.swift in Sources */ = {isa = PBXBuildFile; fileRef = 848F4DD028F1E53A007AC421 /* LogInViewModel.swift */; };
		848F4DD328F32960007AC421 /* UITapGestureRecognizerExtension.swift in Sources */ = {isa = PBXBuildFile; fileRef = 848F4DD228F32960007AC421 /* UITapGestureRecognizerExtension.swift */; };
		848F4DD528F330B3007AC421 /* HyperLinkLabel.swift in Sources */ = {isa = PBXBuildFile; fileRef = 848F4DD428F330B3007AC421 /* HyperLinkLabel.swift */; };
		848F4DD728F333E6007AC421 /* UILabelExtension.swift in Sources */ = {isa = PBXBuildFile; fileRef = 848F4DD628F333E6007AC421 /* UILabelExtension.swift */; };
		848F4DDA28F3D095007AC421 /* RegistrationViewController.swift in Sources */ = {isa = PBXBuildFile; fileRef = 848F4DD928F3D095007AC421 /* RegistrationViewController.swift */; };
		848F4DDC28F3D15D007AC421 /* RegistrationViewController.storyboard in Resources */ = {isa = PBXBuildFile; fileRef = 848F4DDB28F3D15D007AC421 /* RegistrationViewController.storyboard */; };
		8497A03428FEABAC00CBA26C /* ServiceManager.swift in Sources */ = {isa = PBXBuildFile; fileRef = 8497A03328FEABAC00CBA26C /* ServiceManager.swift */; };
		8497A03628FF063900CBA26C /* EndPoints.swift in Sources */ = {isa = PBXBuildFile; fileRef = 8497A03528FF063900CBA26C /* EndPoints.swift */; };
		8497A03E28FF11E200CBA26C /* Production.plist in Resources */ = {isa = PBXBuildFile; fileRef = 8497A03A28FF11E200CBA26C /* Production.plist */; };
		8497A03F28FF11E200CBA26C /* Development.plist in Resources */ = {isa = PBXBuildFile; fileRef = 8497A03B28FF11E200CBA26C /* Development.plist */; };
		8497A04028FF11E200CBA26C /* Staging.plist in Resources */ = {isa = PBXBuildFile; fileRef = 8497A03C28FF11E200CBA26C /* Staging.plist */; };
		8497A04128FF11E200CBA26C /* QA.plist in Resources */ = {isa = PBXBuildFile; fileRef = 8497A03D28FF11E200CBA26C /* QA.plist */; };
		8497A04428FF122D00CBA26C /* EnvironmentManager.swift in Sources */ = {isa = PBXBuildFile; fileRef = 8497A04328FF122D00CBA26C /* EnvironmentManager.swift */; };
		84B2E59F291375C300BAA535 /* Constant.swift in Sources */ = {isa = PBXBuildFile; fileRef = 84B2E59E291375C300BAA535 /* Constant.swift */; };
		84B2E5AF2913A34900BAA535 /* MBProgressHUD.m in Sources */ = {isa = PBXBuildFile; fileRef = 84B2E5AE2913A34800BAA535 /* MBProgressHUD.m */; };
		84B2E5B12914303400BAA535 /* RegistrationModel.swift in Sources */ = {isa = PBXBuildFile; fileRef = 84B2E5B02914303400BAA535 /* RegistrationModel.swift */; };
		84B2E5B42915674300BAA535 /* VerifyForgotPasswordViewController.swift in Sources */ = {isa = PBXBuildFile; fileRef = 84B2E5B32915674300BAA535 /* VerifyForgotPasswordViewController.swift */; };
		84B2E5B62915677100BAA535 /* VerifyForgotPasswordViewController.storyboard in Resources */ = {isa = PBXBuildFile; fileRef = 84B2E5B52915677100BAA535 /* VerifyForgotPasswordViewController.storyboard */; };
		84B2E5B8291567D800BAA535 /* VerifyForgotPasswordViewModel.swift in Sources */ = {isa = PBXBuildFile; fileRef = 84B2E5B7291567D800BAA535 /* VerifyForgotPasswordViewModel.swift */; };
		84EDDFC8291638D500614A87 /* KYEmbedDrawerControllerSegue.swift in Sources */ = {isa = PBXBuildFile; fileRef = 84EDDFC4291638D500614A87 /* KYEmbedDrawerControllerSegue.swift */; };
		84EDDFC9291638D500614A87 /* KYDrawerController.swift in Sources */ = {isa = PBXBuildFile; fileRef = 84EDDFC5291638D500614A87 /* KYDrawerController.swift */; };
		84EDDFCA291638D500614A87 /* KYEmbedMainControllerSegue.swift in Sources */ = {isa = PBXBuildFile; fileRef = 84EDDFC6291638D500614A87 /* KYEmbedMainControllerSegue.swift */; };
		84EDDFCD291639FA00614A87 /* HomeViewContoller.swift in Sources */ = {isa = PBXBuildFile; fileRef = 84EDDFCC291639FA00614A87 /* HomeViewContoller.swift */; };
		84EDDFCF29163C5C00614A87 /* HomeViewContoller.storyboard in Resources */ = {isa = PBXBuildFile; fileRef = 84EDDFCE29163C5C00614A87 /* HomeViewContoller.storyboard */; };
		84EDDFD129163D9400614A87 /* DrawerViewContoller.swift in Sources */ = {isa = PBXBuildFile; fileRef = 84EDDFD029163D9400614A87 /* DrawerViewContoller.swift */; };
		84EDDFD329163DBE00614A87 /* DrawerViewContoller.storyboard in Resources */ = {isa = PBXBuildFile; fileRef = 84EDDFD229163DBE00614A87 /* DrawerViewContoller.storyboard */; };
		84EDDFD72916712900614A87 /* CustomNavaigationContoller.swift in Sources */ = {isa = PBXBuildFile; fileRef = 84EDDFD62916712900614A87 /* CustomNavaigationContoller.swift */; };
		84EDDFDA2916730100614A87 /* SubMenuTableViewCell.swift in Sources */ = {isa = PBXBuildFile; fileRef = 84EDDFD82916730100614A87 /* SubMenuTableViewCell.swift */; };
		84EDDFDB2916730100614A87 /* SubMenuTableViewCell.xib in Resources */ = {isa = PBXBuildFile; fileRef = 84EDDFD92916730100614A87 /* SubMenuTableViewCell.xib */; };
		A9829DCF5FA863FF8E06EBBD /* Pods_Growth99_Growth99UITests.framework in Frameworks */ = {isa = PBXBuildFile; fileRef = FCB9E8D8CF56D67F03769EA9 /* Pods_Growth99_Growth99UITests.framework */; };
		D302271686E1A04112A5EB59 /* Pods_Growth99Tests.framework in Frameworks */ = {isa = PBXBuildFile; fileRef = 29C1CFE4A7847699E49EFF35 /* Pods_Growth99Tests.framework */; };
/* End PBXBuildFile section */

/* Begin PBXContainerItemProxy section */
		848F4D9128F1C164007AC421 /* PBXContainerItemProxy */ = {
			isa = PBXContainerItemProxy;
			containerPortal = 848F4D7228F1C160007AC421 /* Project object */;
			proxyType = 1;
			remoteGlobalIDString = 848F4D7928F1C160007AC421;
			remoteInfo = Growth99;
		};
		848F4D9B28F1C164007AC421 /* PBXContainerItemProxy */ = {
			isa = PBXContainerItemProxy;
			containerPortal = 848F4D7228F1C160007AC421 /* Project object */;
			proxyType = 1;
			remoteGlobalIDString = 848F4D7928F1C160007AC421;
			remoteInfo = Growth99;
		};
/* End PBXContainerItemProxy section */

/* Begin PBXFileReference section */
		11C590CAF572F9A763746555 /* Pods-Growth99.debug.xcconfig */ = {isa = PBXFileReference; includeInIndex = 1; lastKnownFileType = text.xcconfig; name = "Pods-Growth99.debug.xcconfig"; path = "Target Support Files/Pods-Growth99/Pods-Growth99.debug.xcconfig"; sourceTree = "<group>"; };
		29C1CFE4A7847699E49EFF35 /* Pods_Growth99Tests.framework */ = {isa = PBXFileReference; explicitFileType = wrapper.framework; includeInIndex = 0; path = Pods_Growth99Tests.framework; sourceTree = BUILT_PRODUCTS_DIR; };
		3DBAECCF2C3ED270F1E15530 /* Pods-Growth99.release.xcconfig */ = {isa = PBXFileReference; includeInIndex = 1; lastKnownFileType = text.xcconfig; name = "Pods-Growth99.release.xcconfig"; path = "Target Support Files/Pods-Growth99/Pods-Growth99.release.xcconfig"; sourceTree = "<group>"; };
		443AB5636EFB8B64DD26D2D3 /* Pods-Growth99Tests.debug.xcconfig */ = {isa = PBXFileReference; includeInIndex = 1; lastKnownFileType = text.xcconfig; name = "Pods-Growth99Tests.debug.xcconfig"; path = "Target Support Files/Pods-Growth99Tests/Pods-Growth99Tests.debug.xcconfig"; sourceTree = "<group>"; };
		6412355B8E0D08CD421922F9 /* Pods-Growth99-Growth99UITests.release.xcconfig */ = {isa = PBXFileReference; includeInIndex = 1; lastKnownFileType = text.xcconfig; name = "Pods-Growth99-Growth99UITests.release.xcconfig"; path = "Target Support Files/Pods-Growth99-Growth99UITests/Pods-Growth99-Growth99UITests.release.xcconfig"; sourceTree = "<group>"; };
		84737B9F28F81A0D0017F14D /* ForgotPasswordViewController.swift */ = {isa = PBXFileReference; lastKnownFileType = sourcecode.swift; path = ForgotPasswordViewController.swift; sourceTree = "<group>"; };
		84737BA128F81A5D0017F14D /* ForgotPasswordViewController.storyboard */ = {isa = PBXFileReference; lastKnownFileType = file.storyboard; path = ForgotPasswordViewController.storyboard; sourceTree = "<group>"; };
		847CCCA72912AC7E005C8DE9 /* SpinnerView.swift */ = {isa = PBXFileReference; lastKnownFileType = sourcecode.swift; path = SpinnerView.swift; sourceTree = "<group>"; };
		847E1F1E2916B39200C221C0 /* test.json */ = {isa = PBXFileReference; fileEncoding = 4; lastKnownFileType = text.json; path = test.json; sourceTree = "<group>"; };
		847E1F202916DA6000C221C0 /* HeaderViewTableViewCell.swift */ = {isa = PBXFileReference; lastKnownFileType = sourcecode.swift; path = HeaderViewTableViewCell.swift; sourceTree = "<group>"; };
		847E1F212916DA6000C221C0 /* HeaderViewTableViewCell.xib */ = {isa = PBXFileReference; lastKnownFileType = file.xib; path = HeaderViewTableViewCell.xib; sourceTree = "<group>"; };
		84872AFC291791360063DD3B /* MenuTableViewCell.swift */ = {isa = PBXFileReference; lastKnownFileType = sourcecode.swift; path = MenuTableViewCell.swift; sourceTree = "<group>"; };
		84872AFD291791360063DD3B /* MenuTableViewCell.xib */ = {isa = PBXFileReference; lastKnownFileType = file.xib; path = MenuTableViewCell.xib; sourceTree = "<group>"; };
		84872B0029179D790063DD3B /* MenuModel.swift */ = {isa = PBXFileReference; lastKnownFileType = sourcecode.swift; path = MenuModel.swift; sourceTree = "<group>"; };
		84872B022917BBD30063DD3B /* DrawerViewModel.swift */ = {isa = PBXFileReference; lastKnownFileType = sourcecode.swift; path = DrawerViewModel.swift; sourceTree = "<group>"; };
		84872B052917D61F0063DD3B /* AlamofireImage.framework */ = {isa = PBXFileReference; explicitFileType = wrapper.framework; path = AlamofireImage.framework; sourceTree = BUILT_PRODUCTS_DIR; };
		84872B082917D7FF0063DD3B /* SDWebImage.framework */ = {isa = PBXFileReference; explicitFileType = wrapper.framework; path = SDWebImage.framework; sourceTree = BUILT_PRODUCTS_DIR; };
		84872B0D2919464E0063DD3B /* iOSDropDown.swift */ = {isa = PBXFileReference; fileEncoding = 4; lastKnownFileType = sourcecode.swift; path = iOSDropDown.swift; sourceTree = "<group>"; };
		84872B14291A89150063DD3B /* HomeViewModel.swift */ = {isa = PBXFileReference; lastKnownFileType = sourcecode.swift; path = HomeViewModel.swift; sourceTree = "<group>"; };
		848EA56528F83872002265DE /* ForgotPasswordViewModel.swift */ = {isa = PBXFileReference; lastKnownFileType = sourcecode.swift; path = ForgotPasswordViewModel.swift; sourceTree = "<group>"; };
		848EA56728F83888002265DE /* RegistrationViewModel.swift */ = {isa = PBXFileReference; lastKnownFileType = sourcecode.swift; path = RegistrationViewModel.swift; sourceTree = "<group>"; };
		848EA56928F84BEE002265DE /* LoginModel.swift */ = {isa = PBXFileReference; lastKnownFileType = sourcecode.swift; path = LoginModel.swift; sourceTree = "<group>"; };
		848F4D7A28F1C160007AC421 /* Growth99.app */ = {isa = PBXFileReference; explicitFileType = wrapper.application; includeInIndex = 0; path = Growth99.app; sourceTree = BUILT_PRODUCTS_DIR; };
		848F4D7D28F1C160007AC421 /* AppDelegate.swift */ = {isa = PBXFileReference; lastKnownFileType = sourcecode.swift; path = AppDelegate.swift; sourceTree = "<group>"; };
		848F4D7F28F1C160007AC421 /* SceneDelegate.swift */ = {isa = PBXFileReference; lastKnownFileType = sourcecode.swift; path = SceneDelegate.swift; sourceTree = "<group>"; };
		848F4D8128F1C160007AC421 /* LogInViewController.swift */ = {isa = PBXFileReference; lastKnownFileType = sourcecode.swift; path = LogInViewController.swift; sourceTree = "<group>"; };
		848F4D8428F1C160007AC421 /* Base */ = {isa = PBXFileReference; lastKnownFileType = file.storyboard; name = Base; path = Base.lproj/LogInViewController.storyboard; sourceTree = "<group>"; };
		848F4D8628F1C164007AC421 /* Assets.xcassets */ = {isa = PBXFileReference; lastKnownFileType = folder.assetcatalog; path = Assets.xcassets; sourceTree = "<group>"; };
		848F4D8928F1C164007AC421 /* Base */ = {isa = PBXFileReference; lastKnownFileType = file.storyboard; name = Base; path = Base.lproj/LaunchScreen.storyboard; sourceTree = "<group>"; };
		848F4D8B28F1C164007AC421 /* Info.plist */ = {isa = PBXFileReference; lastKnownFileType = text.plist.xml; path = Info.plist; sourceTree = "<group>"; };
		848F4D9028F1C164007AC421 /* Growth99Tests.xctest */ = {isa = PBXFileReference; explicitFileType = wrapper.cfbundle; includeInIndex = 0; path = Growth99Tests.xctest; sourceTree = BUILT_PRODUCTS_DIR; };
		848F4D9428F1C164007AC421 /* Growth99Tests.swift */ = {isa = PBXFileReference; lastKnownFileType = sourcecode.swift; path = Growth99Tests.swift; sourceTree = "<group>"; };
		848F4D9A28F1C164007AC421 /* Growth99UITests.xctest */ = {isa = PBXFileReference; explicitFileType = wrapper.cfbundle; includeInIndex = 0; path = Growth99UITests.xctest; sourceTree = BUILT_PRODUCTS_DIR; };
		848F4D9E28F1C164007AC421 /* Growth99UITests.swift */ = {isa = PBXFileReference; lastKnownFileType = sourcecode.swift; path = Growth99UITests.swift; sourceTree = "<group>"; };
		848F4DA028F1C164007AC421 /* Growth99UITestsLaunchTests.swift */ = {isa = PBXFileReference; lastKnownFileType = sourcecode.swift; path = Growth99UITestsLaunchTests.swift; sourceTree = "<group>"; };
		848F4DAD28F1C1A3007AC421 /* NetworkManager.swift */ = {isa = PBXFileReference; lastKnownFileType = sourcecode.swift; path = NetworkManager.swift; sourceTree = "<group>"; };
		848F4DAF28F1C1D8007AC421 /* RefreshTokenRequest.swift */ = {isa = PBXFileReference; lastKnownFileType = sourcecode.swift; path = RefreshTokenRequest.swift; sourceTree = "<group>"; };
		848F4DB128F1C207007AC421 /* ApiRouter.swift */ = {isa = PBXFileReference; lastKnownFileType = sourcecode.swift; path = ApiRouter.swift; sourceTree = "<group>"; };
		848F4DB328F1C224007AC421 /* ErrorDetails.swift */ = {isa = PBXFileReference; lastKnownFileType = sourcecode.swift; path = ErrorDetails.swift; sourceTree = "<group>"; };
		848F4DB528F1C258007AC421 /* ErrorResponse.swift */ = {isa = PBXFileReference; lastKnownFileType = sourcecode.swift; path = ErrorResponse.swift; sourceTree = "<group>"; };
		848F4DB728F1C2AB007AC421 /* Reachability.swift */ = {isa = PBXFileReference; lastKnownFileType = sourcecode.swift; path = Reachability.swift; sourceTree = "<group>"; };
		848F4DBD28F1CC1D007AC421 /* UserRepository.swift */ = {isa = PBXFileReference; lastKnownFileType = sourcecode.swift; path = UserRepository.swift; sourceTree = "<group>"; };
		848F4DBF28F1CC61007AC421 /* User.swift */ = {isa = PBXFileReference; lastKnownFileType = sourcecode.swift; path = User.swift; sourceTree = "<group>"; };
		848F4DC128F1CCBF007AC421 /* KeychainWrapper.swift */ = {isa = PBXFileReference; fileEncoding = 4; lastKnownFileType = sourcecode.swift; path = KeychainWrapper.swift; sourceTree = "<group>"; };
		848F4DC328F1CCC7007AC421 /* KeychainItemAccessibility.swift */ = {isa = PBXFileReference; fileEncoding = 4; lastKnownFileType = sourcecode.swift; path = KeychainItemAccessibility.swift; sourceTree = "<group>"; };
		848F4DC928F1DA20007AC421 /* ViewExtension.swift */ = {isa = PBXFileReference; lastKnownFileType = sourcecode.swift; path = ViewExtension.swift; sourceTree = "<group>"; };
		848F4DCB28F1DAB0007AC421 /* UIColorExtension.swift */ = {isa = PBXFileReference; lastKnownFileType = sourcecode.swift; path = UIColorExtension.swift; sourceTree = "<group>"; };
		848F4DCD28F1E19C007AC421 /* UITextFieldExtension.swift */ = {isa = PBXFileReference; lastKnownFileType = sourcecode.swift; path = UITextFieldExtension.swift; sourceTree = "<group>"; };
		848F4DD028F1E53A007AC421 /* LogInViewModel.swift */ = {isa = PBXFileReference; lastKnownFileType = sourcecode.swift; path = LogInViewModel.swift; sourceTree = "<group>"; };
		848F4DD228F32960007AC421 /* UITapGestureRecognizerExtension.swift */ = {isa = PBXFileReference; lastKnownFileType = sourcecode.swift; path = UITapGestureRecognizerExtension.swift; sourceTree = "<group>"; };
		848F4DD428F330B3007AC421 /* HyperLinkLabel.swift */ = {isa = PBXFileReference; lastKnownFileType = sourcecode.swift; path = HyperLinkLabel.swift; sourceTree = "<group>"; };
		848F4DD628F333E6007AC421 /* UILabelExtension.swift */ = {isa = PBXFileReference; lastKnownFileType = sourcecode.swift; path = UILabelExtension.swift; sourceTree = "<group>"; };
		848F4DD928F3D095007AC421 /* RegistrationViewController.swift */ = {isa = PBXFileReference; lastKnownFileType = sourcecode.swift; path = RegistrationViewController.swift; sourceTree = "<group>"; };
		848F4DDB28F3D15D007AC421 /* RegistrationViewController.storyboard */ = {isa = PBXFileReference; lastKnownFileType = file.storyboard; path = RegistrationViewController.storyboard; sourceTree = "<group>"; };
		8497A03028F9CC9300CBA26C /* Alamofire.framework */ = {isa = PBXFileReference; explicitFileType = wrapper.framework; path = Alamofire.framework; sourceTree = BUILT_PRODUCTS_DIR; };
		8497A03328FEABAC00CBA26C /* ServiceManager.swift */ = {isa = PBXFileReference; lastKnownFileType = sourcecode.swift; path = ServiceManager.swift; sourceTree = "<group>"; };
		8497A03528FF063900CBA26C /* EndPoints.swift */ = {isa = PBXFileReference; lastKnownFileType = sourcecode.swift; path = EndPoints.swift; sourceTree = "<group>"; };
		8497A03A28FF11E200CBA26C /* Production.plist */ = {isa = PBXFileReference; fileEncoding = 4; lastKnownFileType = text.plist.xml; path = Production.plist; sourceTree = "<group>"; };
		8497A03B28FF11E200CBA26C /* Development.plist */ = {isa = PBXFileReference; fileEncoding = 4; lastKnownFileType = text.plist.xml; path = Development.plist; sourceTree = "<group>"; };
		8497A03C28FF11E200CBA26C /* Staging.plist */ = {isa = PBXFileReference; fileEncoding = 4; lastKnownFileType = text.plist.xml; path = Staging.plist; sourceTree = "<group>"; };
		8497A03D28FF11E200CBA26C /* QA.plist */ = {isa = PBXFileReference; fileEncoding = 4; lastKnownFileType = text.plist.xml; path = QA.plist; sourceTree = "<group>"; };
		8497A04328FF122D00CBA26C /* EnvironmentManager.swift */ = {isa = PBXFileReference; lastKnownFileType = sourcecode.swift; path = EnvironmentManager.swift; sourceTree = "<group>"; };
		84B2E59E291375C300BAA535 /* Constant.swift */ = {isa = PBXFileReference; lastKnownFileType = sourcecode.swift; path = Constant.swift; sourceTree = "<group>"; };
		84B2E5AC2913A34000BAA535 /* Growth99-Bridging-Header.h */ = {isa = PBXFileReference; lastKnownFileType = sourcecode.c.h; path = "Growth99-Bridging-Header.h"; sourceTree = "<group>"; };
		84B2E5AD2913A34600BAA535 /* MBProgressHUD.h */ = {isa = PBXFileReference; fileEncoding = 4; lastKnownFileType = sourcecode.c.h; path = MBProgressHUD.h; sourceTree = "<group>"; };
		84B2E5AE2913A34800BAA535 /* MBProgressHUD.m */ = {isa = PBXFileReference; fileEncoding = 4; lastKnownFileType = sourcecode.c.objc; path = MBProgressHUD.m; sourceTree = "<group>"; };
		84B2E5B02914303400BAA535 /* RegistrationModel.swift */ = {isa = PBXFileReference; lastKnownFileType = sourcecode.swift; path = RegistrationModel.swift; sourceTree = "<group>"; };
		84B2E5B32915674300BAA535 /* VerifyForgotPasswordViewController.swift */ = {isa = PBXFileReference; lastKnownFileType = sourcecode.swift; path = VerifyForgotPasswordViewController.swift; sourceTree = "<group>"; };
		84B2E5B52915677100BAA535 /* VerifyForgotPasswordViewController.storyboard */ = {isa = PBXFileReference; lastKnownFileType = file.storyboard; path = VerifyForgotPasswordViewController.storyboard; sourceTree = "<group>"; };
		84B2E5B7291567D800BAA535 /* VerifyForgotPasswordViewModel.swift */ = {isa = PBXFileReference; lastKnownFileType = sourcecode.swift; path = VerifyForgotPasswordViewModel.swift; sourceTree = "<group>"; };
		84EDDFC2291638D500614A87 /* KYDrawerController.h */ = {isa = PBXFileReference; fileEncoding = 4; lastKnownFileType = sourcecode.c.h; path = KYDrawerController.h; sourceTree = "<group>"; };
		84EDDFC4291638D500614A87 /* KYEmbedDrawerControllerSegue.swift */ = {isa = PBXFileReference; fileEncoding = 4; lastKnownFileType = sourcecode.swift; path = KYEmbedDrawerControllerSegue.swift; sourceTree = "<group>"; };
		84EDDFC5291638D500614A87 /* KYDrawerController.swift */ = {isa = PBXFileReference; fileEncoding = 4; lastKnownFileType = sourcecode.swift; path = KYDrawerController.swift; sourceTree = "<group>"; };
		84EDDFC6291638D500614A87 /* KYEmbedMainControllerSegue.swift */ = {isa = PBXFileReference; fileEncoding = 4; lastKnownFileType = sourcecode.swift; path = KYEmbedMainControllerSegue.swift; sourceTree = "<group>"; };
		84EDDFCC291639FA00614A87 /* HomeViewContoller.swift */ = {isa = PBXFileReference; lastKnownFileType = sourcecode.swift; path = HomeViewContoller.swift; sourceTree = "<group>"; };
		84EDDFCE29163C5C00614A87 /* HomeViewContoller.storyboard */ = {isa = PBXFileReference; lastKnownFileType = file.storyboard; path = HomeViewContoller.storyboard; sourceTree = "<group>"; };
		84EDDFD029163D9400614A87 /* DrawerViewContoller.swift */ = {isa = PBXFileReference; lastKnownFileType = sourcecode.swift; path = DrawerViewContoller.swift; sourceTree = "<group>"; };
		84EDDFD229163DBE00614A87 /* DrawerViewContoller.storyboard */ = {isa = PBXFileReference; lastKnownFileType = file.storyboard; path = DrawerViewContoller.storyboard; sourceTree = "<group>"; };
		84EDDFD62916712900614A87 /* CustomNavaigationContoller.swift */ = {isa = PBXFileReference; fileEncoding = 4; lastKnownFileType = sourcecode.swift; path = CustomNavaigationContoller.swift; sourceTree = "<group>"; };
		84EDDFD82916730100614A87 /* SubMenuTableViewCell.swift */ = {isa = PBXFileReference; lastKnownFileType = sourcecode.swift; path = SubMenuTableViewCell.swift; sourceTree = "<group>"; };
		84EDDFD92916730100614A87 /* SubMenuTableViewCell.xib */ = {isa = PBXFileReference; lastKnownFileType = file.xib; path = SubMenuTableViewCell.xib; sourceTree = "<group>"; };
		B09670DEAC7D86BE95FED127 /* Pods_Growth99.framework */ = {isa = PBXFileReference; explicitFileType = wrapper.framework; includeInIndex = 0; path = Pods_Growth99.framework; sourceTree = BUILT_PRODUCTS_DIR; };
		E506E9461890E5340262A1A3 /* Pods-Growth99-Growth99UITests.debug.xcconfig */ = {isa = PBXFileReference; includeInIndex = 1; lastKnownFileType = text.xcconfig; name = "Pods-Growth99-Growth99UITests.debug.xcconfig"; path = "Target Support Files/Pods-Growth99-Growth99UITests/Pods-Growth99-Growth99UITests.debug.xcconfig"; sourceTree = "<group>"; };
		EF2EEEBEC58168C141CED376 /* Pods-Growth99Tests.release.xcconfig */ = {isa = PBXFileReference; includeInIndex = 1; lastKnownFileType = text.xcconfig; name = "Pods-Growth99Tests.release.xcconfig"; path = "Target Support Files/Pods-Growth99Tests/Pods-Growth99Tests.release.xcconfig"; sourceTree = "<group>"; };
		FCB9E8D8CF56D67F03769EA9 /* Pods_Growth99_Growth99UITests.framework */ = {isa = PBXFileReference; explicitFileType = wrapper.framework; includeInIndex = 0; path = Pods_Growth99_Growth99UITests.framework; sourceTree = BUILT_PRODUCTS_DIR; };
/* End PBXFileReference section */

/* Begin PBXFrameworksBuildPhase section */
		848F4D7728F1C160007AC421 /* Frameworks */ = {
			isa = PBXFrameworksBuildPhase;
			buildActionMask = 2147483647;
			files = (
				689AB2164257336B833F7A8A /* Pods_Growth99.framework in Frameworks */,
			);
			runOnlyForDeploymentPostprocessing = 0;
		};
		848F4D8D28F1C164007AC421 /* Frameworks */ = {
			isa = PBXFrameworksBuildPhase;
			buildActionMask = 2147483647;
			files = (
				D302271686E1A04112A5EB59 /* Pods_Growth99Tests.framework in Frameworks */,
			);
			runOnlyForDeploymentPostprocessing = 0;
		};
		848F4D9728F1C164007AC421 /* Frameworks */ = {
			isa = PBXFrameworksBuildPhase;
			buildActionMask = 2147483647;
			files = (
				A9829DCF5FA863FF8E06EBBD /* Pods_Growth99_Growth99UITests.framework in Frameworks */,
			);
			runOnlyForDeploymentPostprocessing = 0;
		};
/* End PBXFrameworksBuildPhase section */

/* Begin PBXGroup section */
		84872B042917BD930063DD3B /* Cell */ = {
			isa = PBXGroup;
			children = (
				847E1F202916DA6000C221C0 /* HeaderViewTableViewCell.swift */,
				847E1F212916DA6000C221C0 /* HeaderViewTableViewCell.xib */,
				84872AFC291791360063DD3B /* MenuTableViewCell.swift */,
				84872AFD291791360063DD3B /* MenuTableViewCell.xib */,
				84EDDFD82916730100614A87 /* SubMenuTableViewCell.swift */,
				84EDDFD92916730100614A87 /* SubMenuTableViewCell.xib */,
			);
			name = Cell;
			sourceTree = "<group>";
		};
		84872B0B2919464E0063DD3B /* iOSDropDown */ = {
			isa = PBXGroup;
			children = (
				84872B0C2919464E0063DD3B /* Classes */,
			);
			path = iOSDropDown;
			sourceTree = "<group>";
		};
		84872B0C2919464E0063DD3B /* Classes */ = {
			isa = PBXGroup;
			children = (
				84872B0D2919464E0063DD3B /* iOSDropDown.swift */,
			);
			path = Classes;
			sourceTree = "<group>";
		};
		848F4D7128F1C160007AC421 = {
			isa = PBXGroup;
			children = (
				848F4D7C28F1C160007AC421 /* Growth99 */,
				848F4D9328F1C164007AC421 /* Growth99Tests */,
				848F4D9D28F1C164007AC421 /* Growth99UITests */,
				848F4D7B28F1C160007AC421 /* Products */,
				8497A01128F9CB3300CBA26C /* Frameworks */,
				DE5547C14E13DB3FD35464AF /* Pods */,
			);
			sourceTree = "<group>";
		};
		848F4D7B28F1C160007AC421 /* Products */ = {
			isa = PBXGroup;
			children = (
				848F4D7A28F1C160007AC421 /* Growth99.app */,
				848F4D9028F1C164007AC421 /* Growth99Tests.xctest */,
				848F4D9A28F1C164007AC421 /* Growth99UITests.xctest */,
			);
			name = Products;
			sourceTree = "<group>";
		};
		848F4D7C28F1C160007AC421 /* Growth99 */ = {
			isa = PBXGroup;
			children = (
				84EDDFC1291638D500614A87 /* KYDrawerController */,
				84872B0B2919464E0063DD3B /* iOSDropDown */,
				8497A03928FF11E200CBA26C /* Environment */,
				8497A04528FF126000CBA26C /* Application */,
				848F4D8B28F1C164007AC421 /* Info.plist */,
				84B2E5AC2913A34000BAA535 /* Growth99-Bridging-Header.h */,
				848F4DC528F1CD9A007AC421 /* KeyChain */,
				8497A04228FF121A00CBA26C /* HelperClass */,
				848F4DC828F1D8BA007AC421 /* Extenssion */,
				848F4DC628F1CFC8007AC421 /* Network */,
				84EDDFD52916637500614A87 /* Drawer */,
				84EDDFD42916633200614A87 /* HomeView */,
				848F4DCF28F1E51F007AC421 /* Login */,
				848F4DD828F3D060007AC421 /* Registration */,
				848F4DDD28F81859007AC421 /* ForgotPassword */,
				84B2E5B2291566F700BAA535 /* VerifyForgotPassword */,
			);
			path = Growth99;
			sourceTree = "<group>";
		};
		848F4D9328F1C164007AC421 /* Growth99Tests */ = {
			isa = PBXGroup;
			children = (
				848F4D9428F1C164007AC421 /* Growth99Tests.swift */,
			);
			path = Growth99Tests;
			sourceTree = "<group>";
		};
		848F4D9D28F1C164007AC421 /* Growth99UITests */ = {
			isa = PBXGroup;
			children = (
				848F4D9E28F1C164007AC421 /* Growth99UITests.swift */,
				848F4DA028F1C164007AC421 /* Growth99UITestsLaunchTests.swift */,
			);
			path = Growth99UITests;
			sourceTree = "<group>";
		};
		848F4DC528F1CD9A007AC421 /* KeyChain */ = {
			isa = PBXGroup;
			children = (
				848F4DC128F1CCBF007AC421 /* KeychainWrapper.swift */,
				848F4DC328F1CCC7007AC421 /* KeychainItemAccessibility.swift */,
			);
			path = KeyChain;
			sourceTree = "<group>";
		};
		848F4DC628F1CFC8007AC421 /* Network */ = {
			isa = PBXGroup;
			children = (
				848F4DB128F1C207007AC421 /* ApiRouter.swift */,
				8497A03528FF063900CBA26C /* EndPoints.swift */,
				848F4DB728F1C2AB007AC421 /* Reachability.swift */,
				848F4DB328F1C224007AC421 /* ErrorDetails.swift */,
				848F4DB528F1C258007AC421 /* ErrorResponse.swift */,
				848F4DAD28F1C1A3007AC421 /* NetworkManager.swift */,
				848F4DAF28F1C1D8007AC421 /* RefreshTokenRequest.swift */,
				8497A03328FEABAC00CBA26C /* ServiceManager.swift */,
			);
			path = Network;
			sourceTree = "<group>";
		};
		848F4DC828F1D8BA007AC421 /* Extenssion */ = {
			isa = PBXGroup;
			children = (
				848F4DC928F1DA20007AC421 /* ViewExtension.swift */,
				848F4DCB28F1DAB0007AC421 /* UIColorExtension.swift */,
				848F4DCD28F1E19C007AC421 /* UITextFieldExtension.swift */,
				848F4DD228F32960007AC421 /* UITapGestureRecognizerExtension.swift */,
				848F4DD428F330B3007AC421 /* HyperLinkLabel.swift */,
				848F4DD628F333E6007AC421 /* UILabelExtension.swift */,
			);
			path = Extenssion;
			sourceTree = "<group>";
		};
		848F4DCF28F1E51F007AC421 /* Login */ = {
			isa = PBXGroup;
			children = (
				848F4DBD28F1CC1D007AC421 /* UserRepository.swift */,
				848F4DBF28F1CC61007AC421 /* User.swift */,
				848EA56928F84BEE002265DE /* LoginModel.swift */,
				848F4DD028F1E53A007AC421 /* LogInViewModel.swift */,
				848F4D8128F1C160007AC421 /* LogInViewController.swift */,
				848F4D8328F1C160007AC421 /* LogInViewController.storyboard */,
			);
			path = Login;
			sourceTree = "<group>";
		};
		848F4DD828F3D060007AC421 /* Registration */ = {
			isa = PBXGroup;
			children = (
				84B2E5B02914303400BAA535 /* RegistrationModel.swift */,
				848F4DD928F3D095007AC421 /* RegistrationViewController.swift */,
				848F4DDB28F3D15D007AC421 /* RegistrationViewController.storyboard */,
				848EA56728F83888002265DE /* RegistrationViewModel.swift */,
			);
			name = Registration;
			sourceTree = "<group>";
		};
		848F4DDD28F81859007AC421 /* ForgotPassword */ = {
			isa = PBXGroup;
			children = (
				84737B9F28F81A0D0017F14D /* ForgotPasswordViewController.swift */,
				84737BA128F81A5D0017F14D /* ForgotPasswordViewController.storyboard */,
				848EA56528F83872002265DE /* ForgotPasswordViewModel.swift */,
			);
			path = ForgotPassword;
			sourceTree = "<group>";
		};
		8497A01128F9CB3300CBA26C /* Frameworks */ = {
			isa = PBXGroup;
			children = (
				84872B082917D7FF0063DD3B /* SDWebImage.framework */,
				84872B052917D61F0063DD3B /* AlamofireImage.framework */,
				8497A03028F9CC9300CBA26C /* Alamofire.framework */,
				B09670DEAC7D86BE95FED127 /* Pods_Growth99.framework */,
				FCB9E8D8CF56D67F03769EA9 /* Pods_Growth99_Growth99UITests.framework */,
				29C1CFE4A7847699E49EFF35 /* Pods_Growth99Tests.framework */,
			);
			name = Frameworks;
			sourceTree = "<group>";
		};
		8497A03928FF11E200CBA26C /* Environment */ = {
			isa = PBXGroup;
			children = (
				8497A03A28FF11E200CBA26C /* Production.plist */,
				8497A03B28FF11E200CBA26C /* Development.plist */,
				8497A03C28FF11E200CBA26C /* Staging.plist */,
				8497A03D28FF11E200CBA26C /* QA.plist */,
			);
			path = Environment;
			sourceTree = "<group>";
		};
		8497A04228FF121A00CBA26C /* HelperClass */ = {
			isa = PBXGroup;
			children = (
				84EDDFD62916712900614A87 /* CustomNavaigationContoller.swift */,
				84B2E5AD2913A34600BAA535 /* MBProgressHUD.h */,
				84B2E5AE2913A34800BAA535 /* MBProgressHUD.m */,
				8497A04328FF122D00CBA26C /* EnvironmentManager.swift */,
				847CCCA72912AC7E005C8DE9 /* SpinnerView.swift */,
				84B2E59E291375C300BAA535 /* Constant.swift */,
			);
			path = HelperClass;
			sourceTree = "<group>";
		};
		8497A04528FF126000CBA26C /* Application */ = {
			isa = PBXGroup;
			children = (
				848F4D7D28F1C160007AC421 /* AppDelegate.swift */,
				848F4D7F28F1C160007AC421 /* SceneDelegate.swift */,
				848F4D8628F1C164007AC421 /* Assets.xcassets */,
				848F4D8828F1C164007AC421 /* LaunchScreen.storyboard */,
				847E1F1E2916B39200C221C0 /* test.json */,
			);
			path = Application;
			sourceTree = "<group>";
		};
		84B2E5B2291566F700BAA535 /* VerifyForgotPassword */ = {
			isa = PBXGroup;
			children = (
				84B2E5B32915674300BAA535 /* VerifyForgotPasswordViewController.swift */,
				84B2E5B52915677100BAA535 /* VerifyForgotPasswordViewController.storyboard */,
				84B2E5B7291567D800BAA535 /* VerifyForgotPasswordViewModel.swift */,
			);
			path = VerifyForgotPassword;
			sourceTree = "<group>";
		};
		84EDDFC1291638D500614A87 /* KYDrawerController */ = {
			isa = PBXGroup;
			children = (
				84EDDFC2291638D500614A87 /* KYDrawerController.h */,
				84EDDFC3291638D500614A87 /* Classes */,
			);
			path = KYDrawerController;
			sourceTree = "<group>";
		};
		84EDDFC3291638D500614A87 /* Classes */ = {
			isa = PBXGroup;
			children = (
				84EDDFC4291638D500614A87 /* KYEmbedDrawerControllerSegue.swift */,
				84EDDFC5291638D500614A87 /* KYDrawerController.swift */,
				84EDDFC6291638D500614A87 /* KYEmbedMainControllerSegue.swift */,
			);
			path = Classes;
			sourceTree = "<group>";
		};
		84EDDFD42916633200614A87 /* HomeView */ = {
			isa = PBXGroup;
			children = (
				84EDDFCC291639FA00614A87 /* HomeViewContoller.swift */,
				84EDDFCE29163C5C00614A87 /* HomeViewContoller.storyboard */,
				84872B14291A89150063DD3B /* HomeViewModel.swift */,
			);
			path = HomeView;
			sourceTree = "<group>";
		};
		84EDDFD52916637500614A87 /* Drawer */ = {
			isa = PBXGroup;
			children = (
				84872B0029179D790063DD3B /* MenuModel.swift */,
				84872B022917BBD30063DD3B /* DrawerViewModel.swift */,
				84EDDFD029163D9400614A87 /* DrawerViewContoller.swift */,
				84EDDFD229163DBE00614A87 /* DrawerViewContoller.storyboard */,
				84872B042917BD930063DD3B /* Cell */,
			);
			name = Drawer;
			sourceTree = "<group>";
		};
		DE5547C14E13DB3FD35464AF /* Pods */ = {
			isa = PBXGroup;
			children = (
				11C590CAF572F9A763746555 /* Pods-Growth99.debug.xcconfig */,
				3DBAECCF2C3ED270F1E15530 /* Pods-Growth99.release.xcconfig */,
				E506E9461890E5340262A1A3 /* Pods-Growth99-Growth99UITests.debug.xcconfig */,
				6412355B8E0D08CD421922F9 /* Pods-Growth99-Growth99UITests.release.xcconfig */,
				443AB5636EFB8B64DD26D2D3 /* Pods-Growth99Tests.debug.xcconfig */,
				EF2EEEBEC58168C141CED376 /* Pods-Growth99Tests.release.xcconfig */,
			);
			path = Pods;
			sourceTree = "<group>";
		};
/* End PBXGroup section */

/* Begin PBXNativeTarget section */
		848F4D7928F1C160007AC421 /* Growth99 */ = {
			isa = PBXNativeTarget;
			buildConfigurationList = 848F4DA428F1C164007AC421 /* Build configuration list for PBXNativeTarget "Growth99" */;
			buildPhases = (
				7A5E7395282EFBD7661E3DB8 /* [CP] Check Pods Manifest.lock */,
				848F4D7628F1C160007AC421 /* Sources */,
				848F4D7728F1C160007AC421 /* Frameworks */,
				848F4D7828F1C160007AC421 /* Resources */,
				419FB12EB3511AADD54EDF26 /* [CP] Embed Pods Frameworks */,
			);
			buildRules = (
			);
			dependencies = (
			);
			name = Growth99;
			productName = Growth99;
			productReference = 848F4D7A28F1C160007AC421 /* Growth99.app */;
			productType = "com.apple.product-type.application";
		};
		848F4D8F28F1C164007AC421 /* Growth99Tests */ = {
			isa = PBXNativeTarget;
			buildConfigurationList = 848F4DA728F1C164007AC421 /* Build configuration list for PBXNativeTarget "Growth99Tests" */;
			buildPhases = (
				A6B15E2872F4A25D3D436277 /* [CP] Check Pods Manifest.lock */,
				848F4D8C28F1C164007AC421 /* Sources */,
				848F4D8D28F1C164007AC421 /* Frameworks */,
				848F4D8E28F1C164007AC421 /* Resources */,
			);
			buildRules = (
			);
			dependencies = (
				848F4D9228F1C164007AC421 /* PBXTargetDependency */,
			);
			name = Growth99Tests;
			productName = Growth99Tests;
			productReference = 848F4D9028F1C164007AC421 /* Growth99Tests.xctest */;
			productType = "com.apple.product-type.bundle.unit-test";
		};
		848F4D9928F1C164007AC421 /* Growth99UITests */ = {
			isa = PBXNativeTarget;
			buildConfigurationList = 848F4DAA28F1C164007AC421 /* Build configuration list for PBXNativeTarget "Growth99UITests" */;
			buildPhases = (
				1A55CE0AE518ACAC8A932BE0 /* [CP] Check Pods Manifest.lock */,
				848F4D9628F1C164007AC421 /* Sources */,
				848F4D9728F1C164007AC421 /* Frameworks */,
				848F4D9828F1C164007AC421 /* Resources */,
				DF5C8EFBE5734B11F0368A8E /* [CP] Embed Pods Frameworks */,
			);
			buildRules = (
			);
			dependencies = (
				848F4D9C28F1C164007AC421 /* PBXTargetDependency */,
			);
			name = Growth99UITests;
			productName = Growth99UITests;
			productReference = 848F4D9A28F1C164007AC421 /* Growth99UITests.xctest */;
			productType = "com.apple.product-type.bundle.ui-testing";
		};
/* End PBXNativeTarget section */

/* Begin PBXProject section */
		848F4D7228F1C160007AC421 /* Project object */ = {
			isa = PBXProject;
			attributes = {
				LastSwiftUpdateCheck = 1400;
				LastUpgradeCheck = 1400;
				TargetAttributes = {
					848F4D7928F1C160007AC421 = {
						CreatedOnToolsVersion = 14.0;
						LastSwiftMigration = 1400;
					};
					848F4D8F28F1C164007AC421 = {
						CreatedOnToolsVersion = 14.0;
						TestTargetID = 848F4D7928F1C160007AC421;
					};
					848F4D9928F1C164007AC421 = {
						CreatedOnToolsVersion = 14.0;
						TestTargetID = 848F4D7928F1C160007AC421;
					};
				};
			};
			buildConfigurationList = 848F4D7528F1C160007AC421 /* Build configuration list for PBXProject "Growth99" */;
			compatibilityVersion = "Xcode 13.0";
			developmentRegion = en;
			hasScannedForEncodings = 0;
			knownRegions = (
				en,
				Base,
			);
			mainGroup = 848F4D7128F1C160007AC421;
			productRefGroup = 848F4D7B28F1C160007AC421 /* Products */;
			projectDirPath = "";
			projectRoot = "";
			targets = (
				848F4D7928F1C160007AC421 /* Growth99 */,
				848F4D8F28F1C164007AC421 /* Growth99Tests */,
				848F4D9928F1C164007AC421 /* Growth99UITests */,
			);
		};
/* End PBXProject section */

/* Begin PBXResourcesBuildPhase section */
		848F4D7828F1C160007AC421 /* Resources */ = {
			isa = PBXResourcesBuildPhase;
			buildActionMask = 2147483647;
			files = (
				848F4D8A28F1C164007AC421 /* LaunchScreen.storyboard in Resources */,
				84EDDFCF29163C5C00614A87 /* HomeViewContoller.storyboard in Resources */,
				8497A03E28FF11E200CBA26C /* Production.plist in Resources */,
				84B2E5B62915677100BAA535 /* VerifyForgotPasswordViewController.storyboard in Resources */,
				84EDDFD329163DBE00614A87 /* DrawerViewContoller.storyboard in Resources */,
				847E1F1F2916B39200C221C0 /* test.json in Resources */,
				84EDDFDB2916730100614A87 /* SubMenuTableViewCell.xib in Resources */,
				848F4D8728F1C164007AC421 /* Assets.xcassets in Resources */,
				84737BA228F81A5D0017F14D /* ForgotPasswordViewController.storyboard in Resources */,
				8497A04128FF11E200CBA26C /* QA.plist in Resources */,
				8497A04028FF11E200CBA26C /* Staging.plist in Resources */,
				848F4DDC28F3D15D007AC421 /* RegistrationViewController.storyboard in Resources */,
				848F4D8528F1C160007AC421 /* LogInViewController.storyboard in Resources */,
				8497A03F28FF11E200CBA26C /* Development.plist in Resources */,
				847E1F232916DA6000C221C0 /* HeaderViewTableViewCell.xib in Resources */,
				84872AFF291791360063DD3B /* MenuTableViewCell.xib in Resources */,
			);
			runOnlyForDeploymentPostprocessing = 0;
		};
		848F4D8E28F1C164007AC421 /* Resources */ = {
			isa = PBXResourcesBuildPhase;
			buildActionMask = 2147483647;
			files = (
			);
			runOnlyForDeploymentPostprocessing = 0;
		};
		848F4D9828F1C164007AC421 /* Resources */ = {
			isa = PBXResourcesBuildPhase;
			buildActionMask = 2147483647;
			files = (
			);
			runOnlyForDeploymentPostprocessing = 0;
		};
/* End PBXResourcesBuildPhase section */

/* Begin PBXShellScriptBuildPhase section */
		1A55CE0AE518ACAC8A932BE0 /* [CP] Check Pods Manifest.lock */ = {
			isa = PBXShellScriptBuildPhase;
			buildActionMask = 2147483647;
			files = (
			);
			inputFileListPaths = (
			);
			inputPaths = (
				"${PODS_PODFILE_DIR_PATH}/Podfile.lock",
				"${PODS_ROOT}/Manifest.lock",
			);
			name = "[CP] Check Pods Manifest.lock";
			outputFileListPaths = (
			);
			outputPaths = (
				"$(DERIVED_FILE_DIR)/Pods-Growth99-Growth99UITests-checkManifestLockResult.txt",
			);
			runOnlyForDeploymentPostprocessing = 0;
			shellPath = /bin/sh;
			shellScript = "diff \"${PODS_PODFILE_DIR_PATH}/Podfile.lock\" \"${PODS_ROOT}/Manifest.lock\" > /dev/null\nif [ $? != 0 ] ; then\n    # print error to STDERR\n    echo \"error: The sandbox is not in sync with the Podfile.lock. Run 'pod install' or update your CocoaPods installation.\" >&2\n    exit 1\nfi\n# This output is used by Xcode 'outputs' to avoid re-running this script phase.\necho \"SUCCESS\" > \"${SCRIPT_OUTPUT_FILE_0}\"\n";
			showEnvVarsInLog = 0;
		};
		419FB12EB3511AADD54EDF26 /* [CP] Embed Pods Frameworks */ = {
			isa = PBXShellScriptBuildPhase;
			buildActionMask = 2147483647;
			files = (
			);
			inputFileListPaths = (
				"${PODS_ROOT}/Target Support Files/Pods-Growth99/Pods-Growth99-frameworks-${CONFIGURATION}-input-files.xcfilelist",
			);
			name = "[CP] Embed Pods Frameworks";
			outputFileListPaths = (
				"${PODS_ROOT}/Target Support Files/Pods-Growth99/Pods-Growth99-frameworks-${CONFIGURATION}-output-files.xcfilelist",
			);
			runOnlyForDeploymentPostprocessing = 0;
			shellPath = /bin/sh;
			shellScript = "\"${PODS_ROOT}/Target Support Files/Pods-Growth99/Pods-Growth99-frameworks.sh\"\n";
			showEnvVarsInLog = 0;
		};
		7A5E7395282EFBD7661E3DB8 /* [CP] Check Pods Manifest.lock */ = {
			isa = PBXShellScriptBuildPhase;
			buildActionMask = 2147483647;
			files = (
			);
			inputFileListPaths = (
			);
			inputPaths = (
				"${PODS_PODFILE_DIR_PATH}/Podfile.lock",
				"${PODS_ROOT}/Manifest.lock",
			);
			name = "[CP] Check Pods Manifest.lock";
			outputFileListPaths = (
			);
			outputPaths = (
				"$(DERIVED_FILE_DIR)/Pods-Growth99-checkManifestLockResult.txt",
			);
			runOnlyForDeploymentPostprocessing = 0;
			shellPath = /bin/sh;
			shellScript = "diff \"${PODS_PODFILE_DIR_PATH}/Podfile.lock\" \"${PODS_ROOT}/Manifest.lock\" > /dev/null\nif [ $? != 0 ] ; then\n    # print error to STDERR\n    echo \"error: The sandbox is not in sync with the Podfile.lock. Run 'pod install' or update your CocoaPods installation.\" >&2\n    exit 1\nfi\n# This output is used by Xcode 'outputs' to avoid re-running this script phase.\necho \"SUCCESS\" > \"${SCRIPT_OUTPUT_FILE_0}\"\n";
			showEnvVarsInLog = 0;
		};
		A6B15E2872F4A25D3D436277 /* [CP] Check Pods Manifest.lock */ = {
			isa = PBXShellScriptBuildPhase;
			buildActionMask = 2147483647;
			files = (
			);
			inputFileListPaths = (
			);
			inputPaths = (
				"${PODS_PODFILE_DIR_PATH}/Podfile.lock",
				"${PODS_ROOT}/Manifest.lock",
			);
			name = "[CP] Check Pods Manifest.lock";
			outputFileListPaths = (
			);
			outputPaths = (
				"$(DERIVED_FILE_DIR)/Pods-Growth99Tests-checkManifestLockResult.txt",
			);
			runOnlyForDeploymentPostprocessing = 0;
			shellPath = /bin/sh;
			shellScript = "diff \"${PODS_PODFILE_DIR_PATH}/Podfile.lock\" \"${PODS_ROOT}/Manifest.lock\" > /dev/null\nif [ $? != 0 ] ; then\n    # print error to STDERR\n    echo \"error: The sandbox is not in sync with the Podfile.lock. Run 'pod install' or update your CocoaPods installation.\" >&2\n    exit 1\nfi\n# This output is used by Xcode 'outputs' to avoid re-running this script phase.\necho \"SUCCESS\" > \"${SCRIPT_OUTPUT_FILE_0}\"\n";
			showEnvVarsInLog = 0;
		};
		DF5C8EFBE5734B11F0368A8E /* [CP] Embed Pods Frameworks */ = {
			isa = PBXShellScriptBuildPhase;
			buildActionMask = 2147483647;
			files = (
			);
			inputFileListPaths = (
				"${PODS_ROOT}/Target Support Files/Pods-Growth99-Growth99UITests/Pods-Growth99-Growth99UITests-frameworks-${CONFIGURATION}-input-files.xcfilelist",
			);
			name = "[CP] Embed Pods Frameworks";
			outputFileListPaths = (
				"${PODS_ROOT}/Target Support Files/Pods-Growth99-Growth99UITests/Pods-Growth99-Growth99UITests-frameworks-${CONFIGURATION}-output-files.xcfilelist",
			);
			runOnlyForDeploymentPostprocessing = 0;
			shellPath = /bin/sh;
			shellScript = "\"${PODS_ROOT}/Target Support Files/Pods-Growth99-Growth99UITests/Pods-Growth99-Growth99UITests-frameworks.sh\"\n";
			showEnvVarsInLog = 0;
		};
/* End PBXShellScriptBuildPhase section */

/* Begin PBXSourcesBuildPhase section */
		848F4D7628F1C160007AC421 /* Sources */ = {
			isa = PBXSourcesBuildPhase;
			buildActionMask = 2147483647;
			files = (
				848EA56628F83872002265DE /* ForgotPasswordViewModel.swift in Sources */,
				848F4DBE28F1CC1D007AC421 /* UserRepository.swift in Sources */,
				84872B112919464F0063DD3B /* iOSDropDown.swift in Sources */,
				84737BA028F81A0D0017F14D /* ForgotPasswordViewController.swift in Sources */,
				848F4DAE28F1C1A3007AC421 /* NetworkManager.swift in Sources */,
				84EDDFCD291639FA00614A87 /* HomeViewContoller.swift in Sources */,
				848F4DB428F1C224007AC421 /* ErrorDetails.swift in Sources */,
				8497A03428FEABAC00CBA26C /* ServiceManager.swift in Sources */,
				847E1F222916DA6000C221C0 /* HeaderViewTableViewCell.swift in Sources */,
				84872B0129179D790063DD3B /* MenuModel.swift in Sources */,
				848F4DD328F32960007AC421 /* UITapGestureRecognizerExtension.swift in Sources */,
				84872AFE291791360063DD3B /* MenuTableViewCell.swift in Sources */,
				848F4DD728F333E6007AC421 /* UILabelExtension.swift in Sources */,
				84B2E5B12914303400BAA535 /* RegistrationModel.swift in Sources */,
				848F4D8228F1C160007AC421 /* LogInViewController.swift in Sources */,
				84EDDFDA2916730100614A87 /* SubMenuTableViewCell.swift in Sources */,
				848F4DD128F1E53A007AC421 /* LogInViewModel.swift in Sources */,
				848F4D7E28F1C160007AC421 /* AppDelegate.swift in Sources */,
				84EDDFC9291638D500614A87 /* KYDrawerController.swift in Sources */,
				847CCCA82912AC7E005C8DE9 /* SpinnerView.swift in Sources */,
				848F4DCE28F1E19C007AC421 /* UITextFieldExtension.swift in Sources */,
				84EDDFCA291638D500614A87 /* KYEmbedMainControllerSegue.swift in Sources */,
				848F4DC428F1CCC7007AC421 /* KeychainItemAccessibility.swift in Sources */,
				8497A03628FF063900CBA26C /* EndPoints.swift in Sources */,
				848F4DD528F330B3007AC421 /* HyperLinkLabel.swift in Sources */,
				84EDDFD129163D9400614A87 /* DrawerViewContoller.swift in Sources */,
				848F4D8028F1C160007AC421 /* SceneDelegate.swift in Sources */,
				84B2E59F291375C300BAA535 /* Constant.swift in Sources */,
				848F4DB828F1C2AB007AC421 /* Reachability.swift in Sources */,
				84EDDFD72916712900614A87 /* CustomNavaigationContoller.swift in Sources */,
				848F4DB028F1C1D8007AC421 /* RefreshTokenRequest.swift in Sources */,
				84B2E5B8291567D800BAA535 /* VerifyForgotPasswordViewModel.swift in Sources */,
				848F4DDA28F3D095007AC421 /* RegistrationViewController.swift in Sources */,
				84B2E5B42915674300BAA535 /* VerifyForgotPasswordViewController.swift in Sources */,
				848F4DCA28F1DA20007AC421 /* ViewExtension.swift in Sources */,
				848F4DC028F1CC61007AC421 /* User.swift in Sources */,
				848F4DCC28F1DAB0007AC421 /* UIColorExtension.swift in Sources */,
				84B2E5AF2913A34900BAA535 /* MBProgressHUD.m in Sources */,
				848EA56828F83888002265DE /* RegistrationViewModel.swift in Sources */,
				84872B032917BBD30063DD3B /* DrawerViewModel.swift in Sources */,
				8497A04428FF122D00CBA26C /* EnvironmentManager.swift in Sources */,
				84EDDFC8291638D500614A87 /* KYEmbedDrawerControllerSegue.swift in Sources */,
				84872B15291A89150063DD3B /* HomeViewModel.swift in Sources */,
				848EA56A28F84BEE002265DE /* LoginModel.swift in Sources */,
				848F4DB228F1C207007AC421 /* ApiRouter.swift in Sources */,
				848F4DC228F1CCBF007AC421 /* KeychainWrapper.swift in Sources */,
				848F4DB628F1C258007AC421 /* ErrorResponse.swift in Sources */,
			);
			runOnlyForDeploymentPostprocessing = 0;
		};
		848F4D8C28F1C164007AC421 /* Sources */ = {
			isa = PBXSourcesBuildPhase;
			buildActionMask = 2147483647;
			files = (
				848F4D9528F1C164007AC421 /* Growth99Tests.swift in Sources */,
			);
			runOnlyForDeploymentPostprocessing = 0;
		};
		848F4D9628F1C164007AC421 /* Sources */ = {
			isa = PBXSourcesBuildPhase;
			buildActionMask = 2147483647;
			files = (
				848F4DA128F1C164007AC421 /* Growth99UITestsLaunchTests.swift in Sources */,
				848F4D9F28F1C164007AC421 /* Growth99UITests.swift in Sources */,
			);
			runOnlyForDeploymentPostprocessing = 0;
		};
/* End PBXSourcesBuildPhase section */

/* Begin PBXTargetDependency section */
		848F4D9228F1C164007AC421 /* PBXTargetDependency */ = {
			isa = PBXTargetDependency;
			target = 848F4D7928F1C160007AC421 /* Growth99 */;
			targetProxy = 848F4D9128F1C164007AC421 /* PBXContainerItemProxy */;
		};
		848F4D9C28F1C164007AC421 /* PBXTargetDependency */ = {
			isa = PBXTargetDependency;
			target = 848F4D7928F1C160007AC421 /* Growth99 */;
			targetProxy = 848F4D9B28F1C164007AC421 /* PBXContainerItemProxy */;
		};
/* End PBXTargetDependency section */

/* Begin PBXVariantGroup section */
		848F4D8328F1C160007AC421 /* LogInViewController.storyboard */ = {
			isa = PBXVariantGroup;
			children = (
				848F4D8428F1C160007AC421 /* Base */,
			);
			name = LogInViewController.storyboard;
			sourceTree = "<group>";
		};
		848F4D8828F1C164007AC421 /* LaunchScreen.storyboard */ = {
			isa = PBXVariantGroup;
			children = (
				848F4D8928F1C164007AC421 /* Base */,
			);
			name = LaunchScreen.storyboard;
			sourceTree = "<group>";
		};
/* End PBXVariantGroup section */

/* Begin XCBuildConfiguration section */
		848F4DA228F1C164007AC421 /* Debug */ = {
			isa = XCBuildConfiguration;
			buildSettings = {
				ALWAYS_SEARCH_USER_PATHS = NO;
				CLANG_ANALYZER_NONNULL = YES;
				CLANG_ANALYZER_NUMBER_OBJECT_CONVERSION = YES_AGGRESSIVE;
				CLANG_CXX_LANGUAGE_STANDARD = "gnu++20";
				CLANG_ENABLE_MODULES = YES;
				CLANG_ENABLE_OBJC_ARC = YES;
				CLANG_ENABLE_OBJC_WEAK = YES;
				CLANG_WARN_BLOCK_CAPTURE_AUTORELEASING = YES;
				CLANG_WARN_BOOL_CONVERSION = YES;
				CLANG_WARN_COMMA = YES;
				CLANG_WARN_CONSTANT_CONVERSION = YES;
				CLANG_WARN_DEPRECATED_OBJC_IMPLEMENTATIONS = YES;
				CLANG_WARN_DIRECT_OBJC_ISA_USAGE = YES_ERROR;
				CLANG_WARN_DOCUMENTATION_COMMENTS = YES;
				CLANG_WARN_EMPTY_BODY = YES;
				CLANG_WARN_ENUM_CONVERSION = YES;
				CLANG_WARN_INFINITE_RECURSION = YES;
				CLANG_WARN_INT_CONVERSION = YES;
				CLANG_WARN_NON_LITERAL_NULL_CONVERSION = YES;
				CLANG_WARN_OBJC_IMPLICIT_RETAIN_SELF = YES;
				CLANG_WARN_OBJC_LITERAL_CONVERSION = YES;
				CLANG_WARN_OBJC_ROOT_CLASS = YES_ERROR;
				CLANG_WARN_QUOTED_INCLUDE_IN_FRAMEWORK_HEADER = YES;
				CLANG_WARN_RANGE_LOOP_ANALYSIS = YES;
				CLANG_WARN_STRICT_PROTOTYPES = YES;
				CLANG_WARN_SUSPICIOUS_MOVE = YES;
				CLANG_WARN_UNGUARDED_AVAILABILITY = YES_AGGRESSIVE;
				CLANG_WARN_UNREACHABLE_CODE = YES;
				CLANG_WARN__DUPLICATE_METHOD_MATCH = YES;
				COPY_PHASE_STRIP = NO;
				DEBUG_INFORMATION_FORMAT = dwarf;
				ENABLE_STRICT_OBJC_MSGSEND = YES;
				ENABLE_TESTABILITY = YES;
				GCC_C_LANGUAGE_STANDARD = gnu11;
				GCC_DYNAMIC_NO_PIC = NO;
				GCC_NO_COMMON_BLOCKS = YES;
				GCC_OPTIMIZATION_LEVEL = 0;
				GCC_PREPROCESSOR_DEFINITIONS = (
					"DEBUG=1",
					"$(inherited)",
				);
				GCC_WARN_64_TO_32_BIT_CONVERSION = YES;
				GCC_WARN_ABOUT_RETURN_TYPE = YES_ERROR;
				GCC_WARN_UNDECLARED_SELECTOR = YES;
				GCC_WARN_UNINITIALIZED_AUTOS = YES_AGGRESSIVE;
				GCC_WARN_UNUSED_FUNCTION = YES;
				GCC_WARN_UNUSED_VARIABLE = YES;
				IPHONEOS_DEPLOYMENT_TARGET = 13.0;
				MTL_ENABLE_DEBUG_INFO = INCLUDE_SOURCE;
				MTL_FAST_MATH = YES;
				ONLY_ACTIVE_ARCH = YES;
				SDKROOT = iphoneos;
				SWIFT_ACTIVE_COMPILATION_CONDITIONS = DEBUG;
				SWIFT_OPTIMIZATION_LEVEL = "-Onone";
			};
			name = Debug;
		};
		848F4DA328F1C164007AC421 /* Release */ = {
			isa = XCBuildConfiguration;
			buildSettings = {
				ALWAYS_SEARCH_USER_PATHS = NO;
				CLANG_ANALYZER_NONNULL = YES;
				CLANG_ANALYZER_NUMBER_OBJECT_CONVERSION = YES_AGGRESSIVE;
				CLANG_CXX_LANGUAGE_STANDARD = "gnu++20";
				CLANG_ENABLE_MODULES = YES;
				CLANG_ENABLE_OBJC_ARC = YES;
				CLANG_ENABLE_OBJC_WEAK = YES;
				CLANG_WARN_BLOCK_CAPTURE_AUTORELEASING = YES;
				CLANG_WARN_BOOL_CONVERSION = YES;
				CLANG_WARN_COMMA = YES;
				CLANG_WARN_CONSTANT_CONVERSION = YES;
				CLANG_WARN_DEPRECATED_OBJC_IMPLEMENTATIONS = YES;
				CLANG_WARN_DIRECT_OBJC_ISA_USAGE = YES_ERROR;
				CLANG_WARN_DOCUMENTATION_COMMENTS = YES;
				CLANG_WARN_EMPTY_BODY = YES;
				CLANG_WARN_ENUM_CONVERSION = YES;
				CLANG_WARN_INFINITE_RECURSION = YES;
				CLANG_WARN_INT_CONVERSION = YES;
				CLANG_WARN_NON_LITERAL_NULL_CONVERSION = YES;
				CLANG_WARN_OBJC_IMPLICIT_RETAIN_SELF = YES;
				CLANG_WARN_OBJC_LITERAL_CONVERSION = YES;
				CLANG_WARN_OBJC_ROOT_CLASS = YES_ERROR;
				CLANG_WARN_QUOTED_INCLUDE_IN_FRAMEWORK_HEADER = YES;
				CLANG_WARN_RANGE_LOOP_ANALYSIS = YES;
				CLANG_WARN_STRICT_PROTOTYPES = YES;
				CLANG_WARN_SUSPICIOUS_MOVE = YES;
				CLANG_WARN_UNGUARDED_AVAILABILITY = YES_AGGRESSIVE;
				CLANG_WARN_UNREACHABLE_CODE = YES;
				CLANG_WARN__DUPLICATE_METHOD_MATCH = YES;
				COPY_PHASE_STRIP = NO;
				DEBUG_INFORMATION_FORMAT = "dwarf-with-dsym";
				ENABLE_NS_ASSERTIONS = NO;
				ENABLE_STRICT_OBJC_MSGSEND = YES;
				GCC_C_LANGUAGE_STANDARD = gnu11;
				GCC_NO_COMMON_BLOCKS = YES;
				GCC_WARN_64_TO_32_BIT_CONVERSION = YES;
				GCC_WARN_ABOUT_RETURN_TYPE = YES_ERROR;
				GCC_WARN_UNDECLARED_SELECTOR = YES;
				GCC_WARN_UNINITIALIZED_AUTOS = YES_AGGRESSIVE;
				GCC_WARN_UNUSED_FUNCTION = YES;
				GCC_WARN_UNUSED_VARIABLE = YES;
				IPHONEOS_DEPLOYMENT_TARGET = 13.0;
				MTL_ENABLE_DEBUG_INFO = NO;
				MTL_FAST_MATH = YES;
				SDKROOT = iphoneos;
				SWIFT_COMPILATION_MODE = wholemodule;
				SWIFT_OPTIMIZATION_LEVEL = "-O";
				VALIDATE_PRODUCT = YES;
			};
			name = Release;
		};
		848F4DA528F1C164007AC421 /* Debug */ = {
			isa = XCBuildConfiguration;
			baseConfigurationReference = 11C590CAF572F9A763746555 /* Pods-Growth99.debug.xcconfig */;
			buildSettings = {
				ASSETCATALOG_COMPILER_APPICON_NAME = AppIcon;
				ASSETCATALOG_COMPILER_GLOBAL_ACCENT_COLOR_NAME = AccentColor;
				CLANG_ENABLE_MODULES = YES;
				CODE_SIGN_STYLE = Automatic;
				CURRENT_PROJECT_VERSION = 1;
				DEVELOPMENT_TEAM = 893P4M6HG3;
				GENERATE_INFOPLIST_FILE = YES;
				INFOPLIST_FILE = Growth99/Info.plist;
				INFOPLIST_KEY_UIApplicationSupportsIndirectInputEvents = YES;
				INFOPLIST_KEY_UILaunchStoryboardName = LaunchScreen;
				INFOPLIST_KEY_UIMainStoryboardFile = LogInViewController;
				INFOPLIST_KEY_UISupportedInterfaceOrientations_iPad = "UIInterfaceOrientationPortrait UIInterfaceOrientationPortraitUpsideDown UIInterfaceOrientationLandscapeLeft UIInterfaceOrientationLandscapeRight";
				INFOPLIST_KEY_UISupportedInterfaceOrientations_iPhone = "UIInterfaceOrientationPortrait UIInterfaceOrientationLandscapeLeft UIInterfaceOrientationLandscapeRight";
				IPHONEOS_DEPLOYMENT_TARGET = 13.0;
				LD_RUNPATH_SEARCH_PATHS = (
					"$(inherited)",
					"@executable_path/Frameworks",
				);
				MARKETING_VERSION = 1.0;
				PRODUCT_BUNDLE_IDENTIFIER = devemr.growthemr.com.Growth99;
				PRODUCT_NAME = "$(TARGET_NAME)";
				SUPPORTED_PLATFORMS = "iphoneos iphonesimulator";
				SUPPORTS_MACCATALYST = NO;
				SUPPORTS_MAC_DESIGNED_FOR_IPHONE_IPAD = NO;
				SWIFT_EMIT_LOC_STRINGS = YES;
				SWIFT_OBJC_BRIDGING_HEADER = "Growth99/Growth99-Bridging-Header.h";
				SWIFT_OPTIMIZATION_LEVEL = "-Onone";
				SWIFT_VERSION = 5.0;
				TARGETED_DEVICE_FAMILY = "1,2";
			};
			name = Debug;
		};
		848F4DA628F1C164007AC421 /* Release */ = {
			isa = XCBuildConfiguration;
			baseConfigurationReference = 3DBAECCF2C3ED270F1E15530 /* Pods-Growth99.release.xcconfig */;
			buildSettings = {
				ASSETCATALOG_COMPILER_APPICON_NAME = AppIcon;
				ASSETCATALOG_COMPILER_GLOBAL_ACCENT_COLOR_NAME = AccentColor;
				CLANG_ENABLE_MODULES = YES;
				CODE_SIGN_STYLE = Automatic;
				CURRENT_PROJECT_VERSION = 1;
				DEVELOPMENT_TEAM = 893P4M6HG3;
				GENERATE_INFOPLIST_FILE = YES;
				INFOPLIST_FILE = Growth99/Info.plist;
				INFOPLIST_KEY_UIApplicationSupportsIndirectInputEvents = YES;
				INFOPLIST_KEY_UILaunchStoryboardName = LaunchScreen;
				INFOPLIST_KEY_UIMainStoryboardFile = LogInViewController;
				INFOPLIST_KEY_UISupportedInterfaceOrientations_iPad = "UIInterfaceOrientationPortrait UIInterfaceOrientationPortraitUpsideDown UIInterfaceOrientationLandscapeLeft UIInterfaceOrientationLandscapeRight";
				INFOPLIST_KEY_UISupportedInterfaceOrientations_iPhone = "UIInterfaceOrientationPortrait UIInterfaceOrientationLandscapeLeft UIInterfaceOrientationLandscapeRight";
				IPHONEOS_DEPLOYMENT_TARGET = 13.0;
				LD_RUNPATH_SEARCH_PATHS = (
					"$(inherited)",
					"@executable_path/Frameworks",
				);
				MARKETING_VERSION = 1.0;
				PRODUCT_BUNDLE_IDENTIFIER = devemr.growthemr.com.Growth99;
				PRODUCT_NAME = "$(TARGET_NAME)";
				SUPPORTED_PLATFORMS = "iphoneos iphonesimulator";
				SUPPORTS_MACCATALYST = NO;
				SUPPORTS_MAC_DESIGNED_FOR_IPHONE_IPAD = NO;
				SWIFT_EMIT_LOC_STRINGS = YES;
				SWIFT_OBJC_BRIDGING_HEADER = "Growth99/Growth99-Bridging-Header.h";
				SWIFT_VERSION = 5.0;
				TARGETED_DEVICE_FAMILY = "1,2";
			};
			name = Release;
		};
		848F4DA828F1C164007AC421 /* Debug */ = {
			isa = XCBuildConfiguration;
			baseConfigurationReference = 443AB5636EFB8B64DD26D2D3 /* Pods-Growth99Tests.debug.xcconfig */;
			buildSettings = {
				ALWAYS_EMBED_SWIFT_STANDARD_LIBRARIES = YES;
				BUNDLE_LOADER = "$(TEST_HOST)";
				CODE_SIGN_STYLE = Automatic;
				CURRENT_PROJECT_VERSION = 1;
				DEVELOPMENT_TEAM = 893P4M6HG3;
				GENERATE_INFOPLIST_FILE = YES;
				IPHONEOS_DEPLOYMENT_TARGET = 16.0;
				MARKETING_VERSION = 1.0;
				PRODUCT_BUNDLE_IDENTIFIER = devemr.growthemr.com.Growth99Tests;
				PRODUCT_NAME = "$(TARGET_NAME)";
				SWIFT_EMIT_LOC_STRINGS = NO;
				SWIFT_VERSION = 5.0;
				TARGETED_DEVICE_FAMILY = "1,2";
				TEST_HOST = "$(BUILT_PRODUCTS_DIR)/Growth99.app/$(BUNDLE_EXECUTABLE_FOLDER_PATH)/Growth99";
			};
			name = Debug;
		};
		848F4DA928F1C164007AC421 /* Release */ = {
			isa = XCBuildConfiguration;
			baseConfigurationReference = EF2EEEBEC58168C141CED376 /* Pods-Growth99Tests.release.xcconfig */;
			buildSettings = {
				ALWAYS_EMBED_SWIFT_STANDARD_LIBRARIES = YES;
				BUNDLE_LOADER = "$(TEST_HOST)";
				CODE_SIGN_STYLE = Automatic;
				CURRENT_PROJECT_VERSION = 1;
				DEVELOPMENT_TEAM = 893P4M6HG3;
				GENERATE_INFOPLIST_FILE = YES;
				IPHONEOS_DEPLOYMENT_TARGET = 16.0;
				MARKETING_VERSION = 1.0;
				PRODUCT_BUNDLE_IDENTIFIER = devemr.growthemr.com.Growth99Tests;
				PRODUCT_NAME = "$(TARGET_NAME)";
				SWIFT_EMIT_LOC_STRINGS = NO;
				SWIFT_VERSION = 5.0;
				TARGETED_DEVICE_FAMILY = "1,2";
				TEST_HOST = "$(BUILT_PRODUCTS_DIR)/Growth99.app/$(BUNDLE_EXECUTABLE_FOLDER_PATH)/Growth99";
			};
			name = Release;
		};
		848F4DAB28F1C164007AC421 /* Debug */ = {
			isa = XCBuildConfiguration;
			baseConfigurationReference = E506E9461890E5340262A1A3 /* Pods-Growth99-Growth99UITests.debug.xcconfig */;
			buildSettings = {
				ALWAYS_EMBED_SWIFT_STANDARD_LIBRARIES = YES;
				CODE_SIGN_STYLE = Automatic;
				CURRENT_PROJECT_VERSION = 1;
				DEVELOPMENT_TEAM = 893P4M6HG3;
				GENERATE_INFOPLIST_FILE = YES;
				MARKETING_VERSION = 1.0;
				PRODUCT_BUNDLE_IDENTIFIER = devemr.growthemr.com.Growth99UITests;
				PRODUCT_NAME = "$(TARGET_NAME)";
				SWIFT_EMIT_LOC_STRINGS = NO;
				SWIFT_VERSION = 5.0;
				TARGETED_DEVICE_FAMILY = "1,2";
				TEST_TARGET_NAME = Growth99;
			};
			name = Debug;
		};
		848F4DAC28F1C164007AC421 /* Release */ = {
			isa = XCBuildConfiguration;
			baseConfigurationReference = 6412355B8E0D08CD421922F9 /* Pods-Growth99-Growth99UITests.release.xcconfig */;
			buildSettings = {
				ALWAYS_EMBED_SWIFT_STANDARD_LIBRARIES = YES;
				CODE_SIGN_STYLE = Automatic;
				CURRENT_PROJECT_VERSION = 1;
				DEVELOPMENT_TEAM = 893P4M6HG3;
				GENERATE_INFOPLIST_FILE = YES;
				MARKETING_VERSION = 1.0;
				PRODUCT_BUNDLE_IDENTIFIER = devemr.growthemr.com.Growth99UITests;
				PRODUCT_NAME = "$(TARGET_NAME)";
				SWIFT_EMIT_LOC_STRINGS = NO;
				SWIFT_VERSION = 5.0;
				TARGETED_DEVICE_FAMILY = "1,2";
				TEST_TARGET_NAME = Growth99;
			};
			name = Release;
		};
/* End XCBuildConfiguration section */

/* Begin XCConfigurationList section */
		848F4D7528F1C160007AC421 /* Build configuration list for PBXProject "Growth99" */ = {
			isa = XCConfigurationList;
			buildConfigurations = (
				848F4DA228F1C164007AC421 /* Debug */,
				848F4DA328F1C164007AC421 /* Release */,
			);
			defaultConfigurationIsVisible = 0;
			defaultConfigurationName = Release;
		};
		848F4DA428F1C164007AC421 /* Build configuration list for PBXNativeTarget "Growth99" */ = {
			isa = XCConfigurationList;
			buildConfigurations = (
				848F4DA528F1C164007AC421 /* Debug */,
				848F4DA628F1C164007AC421 /* Release */,
			);
			defaultConfigurationIsVisible = 0;
			defaultConfigurationName = Release;
		};
		848F4DA728F1C164007AC421 /* Build configuration list for PBXNativeTarget "Growth99Tests" */ = {
			isa = XCConfigurationList;
			buildConfigurations = (
				848F4DA828F1C164007AC421 /* Debug */,
				848F4DA928F1C164007AC421 /* Release */,
			);
			defaultConfigurationIsVisible = 0;
			defaultConfigurationName = Release;
		};
		848F4DAA28F1C164007AC421 /* Build configuration list for PBXNativeTarget "Growth99UITests" */ = {
			isa = XCConfigurationList;
			buildConfigurations = (
				848F4DAB28F1C164007AC421 /* Debug */,
				848F4DAC28F1C164007AC421 /* Release */,
			);
			defaultConfigurationIsVisible = 0;
			defaultConfigurationName = Release;
		};
/* End XCConfigurationList section */
	};
	rootObject = 848F4D7228F1C160007AC421 /* Project object */;
}
