// !$*UTF8*$!
{
	archiveVersion = 1;
	classes = {
	};
	objectVersion = 55;
	objects = {

/* Begin PBXBuildFile section */
		689AB2164257336B833F7A8A /* Pods_Growth99.framework in Frameworks */ = {isa = PBXBuildFile; fileRef = B09670DEAC7D86BE95FED127 /* Pods_Growth99.framework */; };
		845C3993292273B800D934C5 /* AppointmentsViewController.swift in Sources */ = {isa = PBXBuildFile; fileRef = 845C3988292273B800D934C5 /* AppointmentsViewController.swift */; };
		845C3994292273B800D934C5 /* AppointmentsViewController.storyboard in Resources */ = {isa = PBXBuildFile; fileRef = 845C3989292273B800D934C5 /* AppointmentsViewController.storyboard */; };
		845C3995292273B800D934C5 /* WorkingScheduleViewController.swift in Sources */ = {isa = PBXBuildFile; fileRef = 845C398B292273B800D934C5 /* WorkingScheduleViewController.swift */; };
		845C3996292273B800D934C5 /* WorkingScheduleViewController.storyboard in Resources */ = {isa = PBXBuildFile; fileRef = 845C398C292273B800D934C5 /* WorkingScheduleViewController.storyboard */; };
		845C3997292273B800D934C5 /* ChangePasswordViewController.swift in Sources */ = {isa = PBXBuildFile; fileRef = 845C398E292273B800D934C5 /* ChangePasswordViewController.swift */; };
		845C3998292273B800D934C5 /* ChangePasswordViewController.storyboard in Resources */ = {isa = PBXBuildFile; fileRef = 845C398F292273B800D934C5 /* ChangePasswordViewController.storyboard */; };
		845C3999292273B800D934C5 /* VacationScheduleViewController.storyboard in Resources */ = {isa = PBXBuildFile; fileRef = 845C3991292273B800D934C5 /* VacationScheduleViewController.storyboard */; };
		845C399A292273B800D934C5 /* VacationScheduleViewController.swift in Sources */ = {isa = PBXBuildFile; fileRef = 845C3992292273B800D934C5 /* VacationScheduleViewController.swift */; };
		845C39CC292276AF00D934C5 /* iOSDropDown.swift in Sources */ = {isa = PBXBuildFile; fileRef = 845C399D292276AF00D934C5 /* iOSDropDown.swift */; };
		845C39CD292276AF00D934C5 /* SpinnerView.swift in Sources */ = {isa = PBXBuildFile; fileRef = 845C399F292276AF00D934C5 /* SpinnerView.swift */; };
		845C39CE292276AF00D934C5 /* SwiftLoader.swift in Sources */ = {isa = PBXBuildFile; fileRef = 845C39A0292276AF00D934C5 /* SwiftLoader.swift */; };
		845C39CF292276AF00D934C5 /* KeychainWrapper.swift in Sources */ = {isa = PBXBuildFile; fileRef = 845C39A2292276AF00D934C5 /* KeychainWrapper.swift */; };
		845C39D0292276AF00D934C5 /* KeychainItemAccessibility.swift in Sources */ = {isa = PBXBuildFile; fileRef = 845C39A3292276AF00D934C5 /* KeychainItemAccessibility.swift */; };
		845C39D1292276AF00D934C5 /* KYEmbedDrawerControllerSegue.swift in Sources */ = {isa = PBXBuildFile; fileRef = 845C39A7292276AF00D934C5 /* KYEmbedDrawerControllerSegue.swift */; };
		845C39D2292276AF00D934C5 /* KYDrawerController.swift in Sources */ = {isa = PBXBuildFile; fileRef = 845C39A8292276AF00D934C5 /* KYDrawerController.swift */; };
		845C39D3292276AF00D934C5 /* KYEmbedMainControllerSegue.swift in Sources */ = {isa = PBXBuildFile; fileRef = 845C39A9292276AF00D934C5 /* KYEmbedMainControllerSegue.swift */; };
		845C39D4292276B000D934C5 /* Constant.swift in Sources */ = {isa = PBXBuildFile; fileRef = 845C39AB292276AF00D934C5 /* Constant.swift */; };
		845C39D5292276B000D934C5 /* DrawerViewContoller.storyboard in Resources */ = {isa = PBXBuildFile; fileRef = 845C39AD292276AF00D934C5 /* DrawerViewContoller.storyboard */; };
		845C39D6292276B000D934C5 /* DrawerViewModel.swift in Sources */ = {isa = PBXBuildFile; fileRef = 845C39AE292276AF00D934C5 /* DrawerViewModel.swift */; };
		845C39D7292276B000D934C5 /* DrawerViewContoller.swift in Sources */ = {isa = PBXBuildFile; fileRef = 845C39AF292276AF00D934C5 /* DrawerViewContoller.swift */; };
		845C39D8292276B000D934C5 /* MenuTableViewCell.xib in Resources */ = {isa = PBXBuildFile; fileRef = 845C39B1292276AF00D934C5 /* MenuTableViewCell.xib */; };
		845C39D9292276B000D934C5 /* SubMenuTableViewCell.swift in Sources */ = {isa = PBXBuildFile; fileRef = 845C39B2292276AF00D934C5 /* SubMenuTableViewCell.swift */; };
		845C39DA292276B000D934C5 /* HeaderViewTableViewCell.xib in Resources */ = {isa = PBXBuildFile; fileRef = 845C39B3292276AF00D934C5 /* HeaderViewTableViewCell.xib */; };
		845C39DB292276B000D934C5 /* MenuTableViewCell.swift in Sources */ = {isa = PBXBuildFile; fileRef = 845C39B4292276AF00D934C5 /* MenuTableViewCell.swift */; };
		845C39DC292276B000D934C5 /* HeaderViewTableViewCell.swift in Sources */ = {isa = PBXBuildFile; fileRef = 845C39B5292276AF00D934C5 /* HeaderViewTableViewCell.swift */; };
		845C39DD292276B000D934C5 /* SubMenuTableViewCell.xib in Resources */ = {isa = PBXBuildFile; fileRef = 845C39B6292276AF00D934C5 /* SubMenuTableViewCell.xib */; };
		845C39DE292276B000D934C5 /* MenuModel.swift in Sources */ = {isa = PBXBuildFile; fileRef = 845C39B7292276AF00D934C5 /* MenuModel.swift */; };
		845C39DF292276B000D934C5 /* UIColorExtension.swift in Sources */ = {isa = PBXBuildFile; fileRef = 845C39B9292276AF00D934C5 /* UIColorExtension.swift */; };
		845C39E0292276B000D934C5 /* EnvironmentManager.swift in Sources */ = {isa = PBXBuildFile; fileRef = 845C39BA292276AF00D934C5 /* EnvironmentManager.swift */; };
		845C39E1292276B000D934C5 /* UITextFieldExtension.swift in Sources */ = {isa = PBXBuildFile; fileRef = 845C39BB292276AF00D934C5 /* UITextFieldExtension.swift */; };
		845C39E2292276B000D934C5 /* UILabelExtension.swift in Sources */ = {isa = PBXBuildFile; fileRef = 845C39BC292276AF00D934C5 /* UILabelExtension.swift */; };
		845C39E3292276B000D934C5 /* ViewExtension.swift in Sources */ = {isa = PBXBuildFile; fileRef = 845C39BD292276AF00D934C5 /* ViewExtension.swift */; };
		845C39E4292276B000D934C5 /* UITapGestureRecognizerExtension.swift in Sources */ = {isa = PBXBuildFile; fileRef = 845C39BE292276AF00D934C5 /* UITapGestureRecognizerExtension.swift */; };
		845C39E5292276B000D934C5 /* GRBarbuttonItem.swift in Sources */ = {isa = PBXBuildFile; fileRef = 845C39BF292276AF00D934C5 /* GRBarbuttonItem.swift */; };
		845C39E6292276B000D934C5 /* HyperLinkLabel.swift in Sources */ = {isa = PBXBuildFile; fileRef = 845C39C0292276AF00D934C5 /* HyperLinkLabel.swift */; };
		845C39E7292276B000D934C5 /* CustomNavaigationContoller.swift in Sources */ = {isa = PBXBuildFile; fileRef = 845C39C1292276AF00D934C5 /* CustomNavaigationContoller.swift */; };
		845C39E8292276B000D934C5 /* EndPoints.swift in Sources */ = {isa = PBXBuildFile; fileRef = 845C39C3292276AF00D934C5 /* EndPoints.swift */; };
		845C39E9292276B000D934C5 /* RefreshTokenRequest.swift in Sources */ = {isa = PBXBuildFile; fileRef = 845C39C4292276AF00D934C5 /* RefreshTokenRequest.swift */; };
		845C39EA292276B000D934C5 /* NetworkManager.swift in Sources */ = {isa = PBXBuildFile; fileRef = 845C39C5292276AF00D934C5 /* NetworkManager.swift */; };
		845C39EB292276B000D934C5 /* ApiRouter.swift in Sources */ = {isa = PBXBuildFile; fileRef = 845C39C6292276AF00D934C5 /* ApiRouter.swift */; };
		845C39EC292276B000D934C5 /* Reachability.swift in Sources */ = {isa = PBXBuildFile; fileRef = 845C39C7292276AF00D934C5 /* Reachability.swift */; };
		845C39ED292276B000D934C5 /* ServiceManager.swift in Sources */ = {isa = PBXBuildFile; fileRef = 845C39C8292276AF00D934C5 /* ServiceManager.swift */; };
		845C39EE292276B000D934C5 /* NetworkingService.swift in Sources */ = {isa = PBXBuildFile; fileRef = 845C39C9292276AF00D934C5 /* NetworkingService.swift */; };
		845C39EF292276B000D934C5 /* ErrorResponse.swift in Sources */ = {isa = PBXBuildFile; fileRef = 845C39CA292276AF00D934C5 /* ErrorResponse.swift */; };
		845C39F0292276B000D934C5 /* ErrorDetails.swift in Sources */ = {isa = PBXBuildFile; fileRef = 845C39CB292276AF00D934C5 /* ErrorDetails.swift */; };
		845C3A0F292276C000D934C5 /* RegistrationModel.swift in Sources */ = {isa = PBXBuildFile; fileRef = 845C39F3292276C000D934C5 /* RegistrationModel.swift */; };
		845C3A10292276C000D934C5 /* RegistrationViewController.storyboard in Resources */ = {isa = PBXBuildFile; fileRef = 845C39F4292276C000D934C5 /* RegistrationViewController.storyboard */; };
		845C3A11292276C000D934C5 /* RegistrationViewModel.swift in Sources */ = {isa = PBXBuildFile; fileRef = 845C39F5292276C000D934C5 /* RegistrationViewModel.swift */; };
		845C3A12292276C000D934C5 /* RegistrationViewController.swift in Sources */ = {isa = PBXBuildFile; fileRef = 845C39F6292276C000D934C5 /* RegistrationViewController.swift */; };
		845C3A13292276C000D934C5 /* ForgotPasswordViewController.storyboard in Resources */ = {isa = PBXBuildFile; fileRef = 845C39F8292276C000D934C5 /* ForgotPasswordViewController.storyboard */; };
		845C3A14292276C000D934C5 /* ForgotPasswordViewController.swift in Sources */ = {isa = PBXBuildFile; fileRef = 845C39F9292276C000D934C5 /* ForgotPasswordViewController.swift */; };
		845C3A15292276C000D934C5 /* ForgotPasswordViewModel.swift in Sources */ = {isa = PBXBuildFile; fileRef = 845C39FA292276C000D934C5 /* ForgotPasswordViewModel.swift */; };
		845C3A16292276C000D934C5 /* VerifyForgotPasswordViewModel.swift in Sources */ = {isa = PBXBuildFile; fileRef = 845C39FC292276C000D934C5 /* VerifyForgotPasswordViewModel.swift */; };
		845C3A17292276C000D934C5 /* VerifyForgotPasswordViewController.swift in Sources */ = {isa = PBXBuildFile; fileRef = 845C39FD292276C000D934C5 /* VerifyForgotPasswordViewController.swift */; };
		845C3A18292276C000D934C5 /* VerifyForgotPasswordViewController.storyboard in Resources */ = {isa = PBXBuildFile; fileRef = 845C39FE292276C000D934C5 /* VerifyForgotPasswordViewController.storyboard */; };
		845C3A19292276C000D934C5 /* UserRepository.swift in Sources */ = {isa = PBXBuildFile; fileRef = 845C3A00292276C000D934C5 /* UserRepository.swift */; };
		845C3A1A292276C000D934C5 /* LogInViewModel.swift in Sources */ = {isa = PBXBuildFile; fileRef = 845C3A01292276C000D934C5 /* LogInViewModel.swift */; };
		845C3A1B292276C000D934C5 /* LoginModel.swift in Sources */ = {isa = PBXBuildFile; fileRef = 845C3A02292276C000D934C5 /* LoginModel.swift */; };
		845C3A1C292276C000D934C5 /* User.swift in Sources */ = {isa = PBXBuildFile; fileRef = 845C3A03292276C000D934C5 /* User.swift */; };
		845C3A1D292276C000D934C5 /* LogInViewController.storyboard in Resources */ = {isa = PBXBuildFile; fileRef = 845C3A04292276C000D934C5 /* LogInViewController.storyboard */; };
		845C3A1E292276C000D934C5 /* LoginService.swift in Sources */ = {isa = PBXBuildFile; fileRef = 845C3A06292276C000D934C5 /* LoginService.swift */; };
		845C3A1F292276C000D934C5 /* LogInViewController.swift in Sources */ = {isa = PBXBuildFile; fileRef = 845C3A07292276C000D934C5 /* LogInViewController.swift */; };
		845C3A20292276C000D934C5 /* HomeViewModel.swift in Sources */ = {isa = PBXBuildFile; fileRef = 845C3A0A292276C000D934C5 /* HomeViewModel.swift */; };
		845C3A21292276C000D934C5 /* HomeViewContoller.swift in Sources */ = {isa = PBXBuildFile; fileRef = 845C3A0B292276C000D934C5 /* HomeViewContoller.swift */; };
		845C3A22292276C000D934C5 /* UserProfile.swift in Sources */ = {isa = PBXBuildFile; fileRef = 845C3A0C292276C000D934C5 /* UserProfile.swift */; };
		845C3A23292276C000D934C5 /* ClinicsModel.swift in Sources */ = {isa = PBXBuildFile; fileRef = 845C3A0D292276C000D934C5 /* ClinicsModel.swift */; };
		845C3A24292276C000D934C5 /* HomeViewContoller.storyboard in Resources */ = {isa = PBXBuildFile; fileRef = 845C3A0E292276C000D934C5 /* HomeViewContoller.storyboard */; };
		847E1F1F2916B39200C221C0 /* test.json in Resources */ = {isa = PBXBuildFile; fileRef = 847E1F1E2916B39200C221C0 /* test.json */; };
		848C92A8291F6AA000502956 /* RSSelectionMenuController.swift in Sources */ = {isa = PBXBuildFile; fileRef = 848C929A291F6A9F00502956 /* RSSelectionMenuController.swift */; };
		848C92A9291F6AA000502956 /* NavigationBarTheme.swift in Sources */ = {isa = PBXBuildFile; fileRef = 848C929B291F6A9F00502956 /* NavigationBarTheme.swift */; };
		848C92AA291F6AA000502956 /* RSSelectionMenuDataSource.swift in Sources */ = {isa = PBXBuildFile; fileRef = 848C929C291F6A9F00502956 /* RSSelectionMenuDataSource.swift */; };
		848C92AB291F6AA000502956 /* RSSelectionMenuDelegate.swift in Sources */ = {isa = PBXBuildFile; fileRef = 848C929D291F6A9F00502956 /* RSSelectionMenuDelegate.swift */; };
		848C92AC291F6AA000502956 /* RSFirstRowSelection.swift in Sources */ = {isa = PBXBuildFile; fileRef = 848C929E291F6A9F00502956 /* RSFirstRowSelection.swift */; };
		848C92AD291F6AA000502956 /* RSSelectionMenuSearchDelegate.swift in Sources */ = {isa = PBXBuildFile; fileRef = 848C929F291F6A9F00502956 /* RSSelectionMenuSearchDelegate.swift */; };
		848C92AE291F6AA000502956 /* RSSelectionTableView.swift in Sources */ = {isa = PBXBuildFile; fileRef = 848C92A0291F6A9F00502956 /* RSSelectionTableView.swift */; };
		848C92AF291F6AA000502956 /* Constants.swift in Sources */ = {isa = PBXBuildFile; fileRef = 848C92A2291F6A9F00502956 /* Constants.swift */; };
		848C92B0291F6AA000502956 /* Enums.swift in Sources */ = {isa = PBXBuildFile; fileRef = 848C92A3291F6A9F00502956 /* Enums.swift */; };
		848C92B1291F6AA000502956 /* ViewControllerExtension.swift in Sources */ = {isa = PBXBuildFile; fileRef = 848C92A5291F6A9F00502956 /* ViewControllerExtension.swift */; };
		848F4D7E28F1C160007AC421 /* AppDelegate.swift in Sources */ = {isa = PBXBuildFile; fileRef = 848F4D7D28F1C160007AC421 /* AppDelegate.swift */; };
		848F4D8028F1C160007AC421 /* SceneDelegate.swift in Sources */ = {isa = PBXBuildFile; fileRef = 848F4D7F28F1C160007AC421 /* SceneDelegate.swift */; };
		848F4D8728F1C164007AC421 /* Assets.xcassets in Resources */ = {isa = PBXBuildFile; fileRef = 848F4D8628F1C164007AC421 /* Assets.xcassets */; };
		848F4D8A28F1C164007AC421 /* LaunchScreen.storyboard in Resources */ = {isa = PBXBuildFile; fileRef = 848F4D8828F1C164007AC421 /* LaunchScreen.storyboard */; };
		848F4D9528F1C164007AC421 /* Growth99Tests.swift in Sources */ = {isa = PBXBuildFile; fileRef = 848F4D9428F1C164007AC421 /* Growth99Tests.swift */; };
		848F4D9F28F1C164007AC421 /* Growth99UITests.swift in Sources */ = {isa = PBXBuildFile; fileRef = 848F4D9E28F1C164007AC421 /* Growth99UITests.swift */; };
		848F4DA128F1C164007AC421 /* Growth99UITestsLaunchTests.swift in Sources */ = {isa = PBXBuildFile; fileRef = 848F4DA028F1C164007AC421 /* Growth99UITestsLaunchTests.swift */; };
		8497A03E28FF11E200CBA26C /* Production.plist in Resources */ = {isa = PBXBuildFile; fileRef = 8497A03A28FF11E200CBA26C /* Production.plist */; };
		8497A03F28FF11E200CBA26C /* Development.plist in Resources */ = {isa = PBXBuildFile; fileRef = 8497A03B28FF11E200CBA26C /* Development.plist */; };
		8497A04028FF11E200CBA26C /* Staging.plist in Resources */ = {isa = PBXBuildFile; fileRef = 8497A03C28FF11E200CBA26C /* Staging.plist */; };
		8497A04128FF11E200CBA26C /* QA.plist in Resources */ = {isa = PBXBuildFile; fileRef = 8497A03D28FF11E200CBA26C /* QA.plist */; };
		84D1EE3C2923B03A00AAAF26 /* NetworkRequestManager.swift in Sources */ = {isa = PBXBuildFile; fileRef = 84D1EE3B2923B03A00AAAF26 /* NetworkRequestManager.swift */; };
		84D1EE3E2923BB8300AAAF26 /* UpdateUserProfile.swift in Sources */ = {isa = PBXBuildFile; fileRef = 84D1EE3D2923BB8300AAAF26 /* UpdateUserProfile.swift */; };
		84E2C91F2923D93300F79DFA /* UserListViewContoller.swift in Sources */ = {isa = PBXBuildFile; fileRef = 84E2C91E2923D93200F79DFA /* UserListViewContoller.swift */; };
		84E2C9212923D94200F79DFA /* UserListViewContoller.storyboard in Resources */ = {isa = PBXBuildFile; fileRef = 84E2C9202923D94200F79DFA /* UserListViewContoller.storyboard */; };
		A9829DCF5FA863FF8E06EBBD /* Pods_Growth99_Growth99UITests.framework in Frameworks */ = {isa = PBXBuildFile; fileRef = FCB9E8D8CF56D67F03769EA9 /* Pods_Growth99_Growth99UITests.framework */; };
		D302271686E1A04112A5EB59 /* Pods_Growth99Tests.framework in Frameworks */ = {isa = PBXBuildFile; fileRef = 29C1CFE4A7847699E49EFF35 /* Pods_Growth99Tests.framework */; };
/* End PBXBuildFile section */

/* Begin PBXContainerItemProxy section */
		848F4D9128F1C164007AC421 /* PBXContainerItemProxy */ = {
			isa = PBXContainerItemProxy;
			containerPortal = 848F4D7228F1C160007AC421 /* Project object */;
			proxyType = 1;
			remoteGlobalIDString = 848F4D7928F1C160007AC421;
			remoteInfo = Growth99;
		};
		848F4D9B28F1C164007AC421 /* PBXContainerItemProxy */ = {
			isa = PBXContainerItemProxy;
			containerPortal = 848F4D7228F1C160007AC421 /* Project object */;
			proxyType = 1;
			remoteGlobalIDString = 848F4D7928F1C160007AC421;
			remoteInfo = Growth99;
		};
/* End PBXContainerItemProxy section */

/* Begin PBXFileReference section */
		11C590CAF572F9A763746555 /* Pods-Growth99.debug.xcconfig */ = {isa = PBXFileReference; includeInIndex = 1; lastKnownFileType = text.xcconfig; name = "Pods-Growth99.debug.xcconfig"; path = "Target Support Files/Pods-Growth99/Pods-Growth99.debug.xcconfig"; sourceTree = "<group>"; };
		29C1CFE4A7847699E49EFF35 /* Pods_Growth99Tests.framework */ = {isa = PBXFileReference; explicitFileType = wrapper.framework; includeInIndex = 0; path = Pods_Growth99Tests.framework; sourceTree = BUILT_PRODUCTS_DIR; };
		3DBAECCF2C3ED270F1E15530 /* Pods-Growth99.release.xcconfig */ = {isa = PBXFileReference; includeInIndex = 1; lastKnownFileType = text.xcconfig; name = "Pods-Growth99.release.xcconfig"; path = "Target Support Files/Pods-Growth99/Pods-Growth99.release.xcconfig"; sourceTree = "<group>"; };
		443AB5636EFB8B64DD26D2D3 /* Pods-Growth99Tests.debug.xcconfig */ = {isa = PBXFileReference; includeInIndex = 1; lastKnownFileType = text.xcconfig; name = "Pods-Growth99Tests.debug.xcconfig"; path = "Target Support Files/Pods-Growth99Tests/Pods-Growth99Tests.debug.xcconfig"; sourceTree = "<group>"; };
		6412355B8E0D08CD421922F9 /* Pods-Growth99-Growth99UITests.release.xcconfig */ = {isa = PBXFileReference; includeInIndex = 1; lastKnownFileType = text.xcconfig; name = "Pods-Growth99-Growth99UITests.release.xcconfig"; path = "Target Support Files/Pods-Growth99-Growth99UITests/Pods-Growth99-Growth99UITests.release.xcconfig"; sourceTree = "<group>"; };
		845C3988292273B800D934C5 /* AppointmentsViewController.swift */ = {isa = PBXFileReference; fileEncoding = 4; lastKnownFileType = sourcecode.swift; path = AppointmentsViewController.swift; sourceTree = "<group>"; };
		845C3989292273B800D934C5 /* AppointmentsViewController.storyboard */ = {isa = PBXFileReference; fileEncoding = 4; lastKnownFileType = file.storyboard; path = AppointmentsViewController.storyboard; sourceTree = "<group>"; };
		845C398B292273B800D934C5 /* WorkingScheduleViewController.swift */ = {isa = PBXFileReference; fileEncoding = 4; lastKnownFileType = sourcecode.swift; path = WorkingScheduleViewController.swift; sourceTree = "<group>"; };
		845C398C292273B800D934C5 /* WorkingScheduleViewController.storyboard */ = {isa = PBXFileReference; fileEncoding = 4; lastKnownFileType = file.storyboard; path = WorkingScheduleViewController.storyboard; sourceTree = "<group>"; };
		845C398E292273B800D934C5 /* ChangePasswordViewController.swift */ = {isa = PBXFileReference; fileEncoding = 4; lastKnownFileType = sourcecode.swift; path = ChangePasswordViewController.swift; sourceTree = "<group>"; };
		845C398F292273B800D934C5 /* ChangePasswordViewController.storyboard */ = {isa = PBXFileReference; fileEncoding = 4; lastKnownFileType = file.storyboard; path = ChangePasswordViewController.storyboard; sourceTree = "<group>"; };
		845C3991292273B800D934C5 /* VacationScheduleViewController.storyboard */ = {isa = PBXFileReference; fileEncoding = 4; lastKnownFileType = file.storyboard; path = VacationScheduleViewController.storyboard; sourceTree = "<group>"; };
		845C3992292273B800D934C5 /* VacationScheduleViewController.swift */ = {isa = PBXFileReference; fileEncoding = 4; lastKnownFileType = sourcecode.swift; path = VacationScheduleViewController.swift; sourceTree = "<group>"; };
		845C399D292276AF00D934C5 /* iOSDropDown.swift */ = {isa = PBXFileReference; fileEncoding = 4; lastKnownFileType = sourcecode.swift; path = iOSDropDown.swift; sourceTree = "<group>"; };
		845C399F292276AF00D934C5 /* SpinnerView.swift */ = {isa = PBXFileReference; fileEncoding = 4; lastKnownFileType = sourcecode.swift; path = SpinnerView.swift; sourceTree = "<group>"; };
		845C39A0292276AF00D934C5 /* SwiftLoader.swift */ = {isa = PBXFileReference; fileEncoding = 4; lastKnownFileType = sourcecode.swift; path = SwiftLoader.swift; sourceTree = "<group>"; };
		845C39A2292276AF00D934C5 /* KeychainWrapper.swift */ = {isa = PBXFileReference; fileEncoding = 4; lastKnownFileType = sourcecode.swift; path = KeychainWrapper.swift; sourceTree = "<group>"; };
		845C39A3292276AF00D934C5 /* KeychainItemAccessibility.swift */ = {isa = PBXFileReference; fileEncoding = 4; lastKnownFileType = sourcecode.swift; path = KeychainItemAccessibility.swift; sourceTree = "<group>"; };
		845C39A5292276AF00D934C5 /* KYDrawerController.h */ = {isa = PBXFileReference; fileEncoding = 4; lastKnownFileType = sourcecode.c.h; path = KYDrawerController.h; sourceTree = "<group>"; };
		845C39A7292276AF00D934C5 /* KYEmbedDrawerControllerSegue.swift */ = {isa = PBXFileReference; fileEncoding = 4; lastKnownFileType = sourcecode.swift; path = KYEmbedDrawerControllerSegue.swift; sourceTree = "<group>"; };
		845C39A8292276AF00D934C5 /* KYDrawerController.swift */ = {isa = PBXFileReference; fileEncoding = 4; lastKnownFileType = sourcecode.swift; path = KYDrawerController.swift; sourceTree = "<group>"; };
		845C39A9292276AF00D934C5 /* KYEmbedMainControllerSegue.swift */ = {isa = PBXFileReference; fileEncoding = 4; lastKnownFileType = sourcecode.swift; path = KYEmbedMainControllerSegue.swift; sourceTree = "<group>"; };
		845C39AB292276AF00D934C5 /* Constant.swift */ = {isa = PBXFileReference; fileEncoding = 4; lastKnownFileType = sourcecode.swift; path = Constant.swift; sourceTree = "<group>"; };
		845C39AD292276AF00D934C5 /* DrawerViewContoller.storyboard */ = {isa = PBXFileReference; fileEncoding = 4; lastKnownFileType = file.storyboard; path = DrawerViewContoller.storyboard; sourceTree = "<group>"; };
		845C39AE292276AF00D934C5 /* DrawerViewModel.swift */ = {isa = PBXFileReference; fileEncoding = 4; lastKnownFileType = sourcecode.swift; path = DrawerViewModel.swift; sourceTree = "<group>"; };
		845C39AF292276AF00D934C5 /* DrawerViewContoller.swift */ = {isa = PBXFileReference; fileEncoding = 4; lastKnownFileType = sourcecode.swift; path = DrawerViewContoller.swift; sourceTree = "<group>"; };
		845C39B1292276AF00D934C5 /* MenuTableViewCell.xib */ = {isa = PBXFileReference; fileEncoding = 4; lastKnownFileType = file.xib; path = MenuTableViewCell.xib; sourceTree = "<group>"; };
		845C39B2292276AF00D934C5 /* SubMenuTableViewCell.swift */ = {isa = PBXFileReference; fileEncoding = 4; lastKnownFileType = sourcecode.swift; path = SubMenuTableViewCell.swift; sourceTree = "<group>"; };
		845C39B3292276AF00D934C5 /* HeaderViewTableViewCell.xib */ = {isa = PBXFileReference; fileEncoding = 4; lastKnownFileType = file.xib; path = HeaderViewTableViewCell.xib; sourceTree = "<group>"; };
		845C39B4292276AF00D934C5 /* MenuTableViewCell.swift */ = {isa = PBXFileReference; fileEncoding = 4; lastKnownFileType = sourcecode.swift; path = MenuTableViewCell.swift; sourceTree = "<group>"; };
		845C39B5292276AF00D934C5 /* HeaderViewTableViewCell.swift */ = {isa = PBXFileReference; fileEncoding = 4; lastKnownFileType = sourcecode.swift; path = HeaderViewTableViewCell.swift; sourceTree = "<group>"; };
		845C39B6292276AF00D934C5 /* SubMenuTableViewCell.xib */ = {isa = PBXFileReference; fileEncoding = 4; lastKnownFileType = file.xib; path = SubMenuTableViewCell.xib; sourceTree = "<group>"; };
		845C39B7292276AF00D934C5 /* MenuModel.swift */ = {isa = PBXFileReference; fileEncoding = 4; lastKnownFileType = sourcecode.swift; path = MenuModel.swift; sourceTree = "<group>"; };
		845C39B9292276AF00D934C5 /* UIColorExtension.swift */ = {isa = PBXFileReference; fileEncoding = 4; lastKnownFileType = sourcecode.swift; path = UIColorExtension.swift; sourceTree = "<group>"; };
		845C39BA292276AF00D934C5 /* EnvironmentManager.swift */ = {isa = PBXFileReference; fileEncoding = 4; lastKnownFileType = sourcecode.swift; path = EnvironmentManager.swift; sourceTree = "<group>"; };
		845C39BB292276AF00D934C5 /* UITextFieldExtension.swift */ = {isa = PBXFileReference; fileEncoding = 4; lastKnownFileType = sourcecode.swift; path = UITextFieldExtension.swift; sourceTree = "<group>"; };
		845C39BC292276AF00D934C5 /* UILabelExtension.swift */ = {isa = PBXFileReference; fileEncoding = 4; lastKnownFileType = sourcecode.swift; path = UILabelExtension.swift; sourceTree = "<group>"; };
		845C39BD292276AF00D934C5 /* ViewExtension.swift */ = {isa = PBXFileReference; fileEncoding = 4; lastKnownFileType = sourcecode.swift; path = ViewExtension.swift; sourceTree = "<group>"; };
		845C39BE292276AF00D934C5 /* UITapGestureRecognizerExtension.swift */ = {isa = PBXFileReference; fileEncoding = 4; lastKnownFileType = sourcecode.swift; path = UITapGestureRecognizerExtension.swift; sourceTree = "<group>"; };
		845C39BF292276AF00D934C5 /* GRBarbuttonItem.swift */ = {isa = PBXFileReference; fileEncoding = 4; lastKnownFileType = sourcecode.swift; path = GRBarbuttonItem.swift; sourceTree = "<group>"; };
		845C39C0292276AF00D934C5 /* HyperLinkLabel.swift */ = {isa = PBXFileReference; fileEncoding = 4; lastKnownFileType = sourcecode.swift; path = HyperLinkLabel.swift; sourceTree = "<group>"; };
		845C39C1292276AF00D934C5 /* CustomNavaigationContoller.swift */ = {isa = PBXFileReference; fileEncoding = 4; lastKnownFileType = sourcecode.swift; path = CustomNavaigationContoller.swift; sourceTree = "<group>"; };
		845C39C3292276AF00D934C5 /* EndPoints.swift */ = {isa = PBXFileReference; fileEncoding = 4; lastKnownFileType = sourcecode.swift; path = EndPoints.swift; sourceTree = "<group>"; };
		845C39C4292276AF00D934C5 /* RefreshTokenRequest.swift */ = {isa = PBXFileReference; fileEncoding = 4; lastKnownFileType = sourcecode.swift; path = RefreshTokenRequest.swift; sourceTree = "<group>"; };
		845C39C5292276AF00D934C5 /* NetworkManager.swift */ = {isa = PBXFileReference; fileEncoding = 4; lastKnownFileType = sourcecode.swift; path = NetworkManager.swift; sourceTree = "<group>"; };
		845C39C6292276AF00D934C5 /* ApiRouter.swift */ = {isa = PBXFileReference; fileEncoding = 4; lastKnownFileType = sourcecode.swift; path = ApiRouter.swift; sourceTree = "<group>"; };
		845C39C7292276AF00D934C5 /* Reachability.swift */ = {isa = PBXFileReference; fileEncoding = 4; lastKnownFileType = sourcecode.swift; path = Reachability.swift; sourceTree = "<group>"; };
		845C39C8292276AF00D934C5 /* ServiceManager.swift */ = {isa = PBXFileReference; fileEncoding = 4; lastKnownFileType = sourcecode.swift; path = ServiceManager.swift; sourceTree = "<group>"; };
		845C39C9292276AF00D934C5 /* NetworkingService.swift */ = {isa = PBXFileReference; fileEncoding = 4; lastKnownFileType = sourcecode.swift; path = NetworkingService.swift; sourceTree = "<group>"; };
		845C39CA292276AF00D934C5 /* ErrorResponse.swift */ = {isa = PBXFileReference; fileEncoding = 4; lastKnownFileType = sourcecode.swift; path = ErrorResponse.swift; sourceTree = "<group>"; };
		845C39CB292276AF00D934C5 /* ErrorDetails.swift */ = {isa = PBXFileReference; fileEncoding = 4; lastKnownFileType = sourcecode.swift; path = ErrorDetails.swift; sourceTree = "<group>"; };
		845C39F3292276C000D934C5 /* RegistrationModel.swift */ = {isa = PBXFileReference; fileEncoding = 4; lastKnownFileType = sourcecode.swift; path = RegistrationModel.swift; sourceTree = "<group>"; };
		845C39F4292276C000D934C5 /* RegistrationViewController.storyboard */ = {isa = PBXFileReference; fileEncoding = 4; lastKnownFileType = file.storyboard; path = RegistrationViewController.storyboard; sourceTree = "<group>"; };
		845C39F5292276C000D934C5 /* RegistrationViewModel.swift */ = {isa = PBXFileReference; fileEncoding = 4; lastKnownFileType = sourcecode.swift; path = RegistrationViewModel.swift; sourceTree = "<group>"; };
		845C39F6292276C000D934C5 /* RegistrationViewController.swift */ = {isa = PBXFileReference; fileEncoding = 4; lastKnownFileType = sourcecode.swift; path = RegistrationViewController.swift; sourceTree = "<group>"; };
		845C39F8292276C000D934C5 /* ForgotPasswordViewController.storyboard */ = {isa = PBXFileReference; fileEncoding = 4; lastKnownFileType = file.storyboard; path = ForgotPasswordViewController.storyboard; sourceTree = "<group>"; };
		845C39F9292276C000D934C5 /* ForgotPasswordViewController.swift */ = {isa = PBXFileReference; fileEncoding = 4; lastKnownFileType = sourcecode.swift; path = ForgotPasswordViewController.swift; sourceTree = "<group>"; };
		845C39FA292276C000D934C5 /* ForgotPasswordViewModel.swift */ = {isa = PBXFileReference; fileEncoding = 4; lastKnownFileType = sourcecode.swift; path = ForgotPasswordViewModel.swift; sourceTree = "<group>"; };
		845C39FC292276C000D934C5 /* VerifyForgotPasswordViewModel.swift */ = {isa = PBXFileReference; fileEncoding = 4; lastKnownFileType = sourcecode.swift; path = VerifyForgotPasswordViewModel.swift; sourceTree = "<group>"; };
		845C39FD292276C000D934C5 /* VerifyForgotPasswordViewController.swift */ = {isa = PBXFileReference; fileEncoding = 4; lastKnownFileType = sourcecode.swift; path = VerifyForgotPasswordViewController.swift; sourceTree = "<group>"; };
		845C39FE292276C000D934C5 /* VerifyForgotPasswordViewController.storyboard */ = {isa = PBXFileReference; fileEncoding = 4; lastKnownFileType = file.storyboard; path = VerifyForgotPasswordViewController.storyboard; sourceTree = "<group>"; };
		845C3A00292276C000D934C5 /* UserRepository.swift */ = {isa = PBXFileReference; fileEncoding = 4; lastKnownFileType = sourcecode.swift; path = UserRepository.swift; sourceTree = "<group>"; };
		845C3A01292276C000D934C5 /* LogInViewModel.swift */ = {isa = PBXFileReference; fileEncoding = 4; lastKnownFileType = sourcecode.swift; path = LogInViewModel.swift; sourceTree = "<group>"; };
		845C3A02292276C000D934C5 /* LoginModel.swift */ = {isa = PBXFileReference; fileEncoding = 4; lastKnownFileType = sourcecode.swift; path = LoginModel.swift; sourceTree = "<group>"; };
		845C3A03292276C000D934C5 /* User.swift */ = {isa = PBXFileReference; fileEncoding = 4; lastKnownFileType = sourcecode.swift; path = User.swift; sourceTree = "<group>"; };
		845C3A05292276C000D934C5 /* Base */ = {isa = PBXFileReference; lastKnownFileType = file.storyboard; name = Base; path = Base.lproj/LogInViewController.storyboard; sourceTree = "<group>"; };
		845C3A06292276C000D934C5 /* LoginService.swift */ = {isa = PBXFileReference; fileEncoding = 4; lastKnownFileType = sourcecode.swift; path = LoginService.swift; sourceTree = "<group>"; };
		845C3A07292276C000D934C5 /* LogInViewController.swift */ = {isa = PBXFileReference; fileEncoding = 4; lastKnownFileType = sourcecode.swift; path = LogInViewController.swift; sourceTree = "<group>"; };
		845C3A0A292276C000D934C5 /* HomeViewModel.swift */ = {isa = PBXFileReference; fileEncoding = 4; lastKnownFileType = sourcecode.swift; path = HomeViewModel.swift; sourceTree = "<group>"; };
		845C3A0B292276C000D934C5 /* HomeViewContoller.swift */ = {isa = PBXFileReference; fileEncoding = 4; lastKnownFileType = sourcecode.swift; path = HomeViewContoller.swift; sourceTree = "<group>"; };
		845C3A0C292276C000D934C5 /* UserProfile.swift */ = {isa = PBXFileReference; fileEncoding = 4; lastKnownFileType = sourcecode.swift; path = UserProfile.swift; sourceTree = "<group>"; };
		845C3A0D292276C000D934C5 /* ClinicsModel.swift */ = {isa = PBXFileReference; fileEncoding = 4; lastKnownFileType = sourcecode.swift; path = ClinicsModel.swift; sourceTree = "<group>"; };
		845C3A0E292276C000D934C5 /* HomeViewContoller.storyboard */ = {isa = PBXFileReference; fileEncoding = 4; lastKnownFileType = file.storyboard; path = HomeViewContoller.storyboard; sourceTree = "<group>"; };
		847E1F1E2916B39200C221C0 /* test.json */ = {isa = PBXFileReference; fileEncoding = 4; lastKnownFileType = text.json; path = test.json; sourceTree = "<group>"; };
		84872B052917D61F0063DD3B /* AlamofireImage.framework */ = {isa = PBXFileReference; explicitFileType = wrapper.framework; path = AlamofireImage.framework; sourceTree = BUILT_PRODUCTS_DIR; };
		84872B082917D7FF0063DD3B /* SDWebImage.framework */ = {isa = PBXFileReference; explicitFileType = wrapper.framework; path = SDWebImage.framework; sourceTree = BUILT_PRODUCTS_DIR; };
		848C929A291F6A9F00502956 /* RSSelectionMenuController.swift */ = {isa = PBXFileReference; fileEncoding = 4; lastKnownFileType = sourcecode.swift; path = RSSelectionMenuController.swift; sourceTree = "<group>"; };
		848C929B291F6A9F00502956 /* NavigationBarTheme.swift */ = {isa = PBXFileReference; fileEncoding = 4; lastKnownFileType = sourcecode.swift; path = NavigationBarTheme.swift; sourceTree = "<group>"; };
		848C929C291F6A9F00502956 /* RSSelectionMenuDataSource.swift */ = {isa = PBXFileReference; fileEncoding = 4; lastKnownFileType = sourcecode.swift; path = RSSelectionMenuDataSource.swift; sourceTree = "<group>"; };
		848C929D291F6A9F00502956 /* RSSelectionMenuDelegate.swift */ = {isa = PBXFileReference; fileEncoding = 4; lastKnownFileType = sourcecode.swift; path = RSSelectionMenuDelegate.swift; sourceTree = "<group>"; };
		848C929E291F6A9F00502956 /* RSFirstRowSelection.swift */ = {isa = PBXFileReference; fileEncoding = 4; lastKnownFileType = sourcecode.swift; path = RSFirstRowSelection.swift; sourceTree = "<group>"; };
		848C929F291F6A9F00502956 /* RSSelectionMenuSearchDelegate.swift */ = {isa = PBXFileReference; fileEncoding = 4; lastKnownFileType = sourcecode.swift; path = RSSelectionMenuSearchDelegate.swift; sourceTree = "<group>"; };
		848C92A0291F6A9F00502956 /* RSSelectionTableView.swift */ = {isa = PBXFileReference; fileEncoding = 4; lastKnownFileType = sourcecode.swift; path = RSSelectionTableView.swift; sourceTree = "<group>"; };
		848C92A2291F6A9F00502956 /* Constants.swift */ = {isa = PBXFileReference; fileEncoding = 4; lastKnownFileType = sourcecode.swift; path = Constants.swift; sourceTree = "<group>"; };
		848C92A3291F6A9F00502956 /* Enums.swift */ = {isa = PBXFileReference; fileEncoding = 4; lastKnownFileType = sourcecode.swift; path = Enums.swift; sourceTree = "<group>"; };
		848C92A5291F6A9F00502956 /* ViewControllerExtension.swift */ = {isa = PBXFileReference; fileEncoding = 4; lastKnownFileType = sourcecode.swift; path = ViewControllerExtension.swift; sourceTree = "<group>"; };
		848C92A7291F6A9F00502956 /* RSSelectionMenu.h */ = {isa = PBXFileReference; fileEncoding = 4; lastKnownFileType = sourcecode.c.h; path = RSSelectionMenu.h; sourceTree = "<group>"; };
		848F4D7A28F1C160007AC421 /* Growth99.app */ = {isa = PBXFileReference; explicitFileType = wrapper.application; includeInIndex = 0; path = Growth99.app; sourceTree = BUILT_PRODUCTS_DIR; };
		848F4D7D28F1C160007AC421 /* AppDelegate.swift */ = {isa = PBXFileReference; lastKnownFileType = sourcecode.swift; path = AppDelegate.swift; sourceTree = "<group>"; };
		848F4D7F28F1C160007AC421 /* SceneDelegate.swift */ = {isa = PBXFileReference; lastKnownFileType = sourcecode.swift; path = SceneDelegate.swift; sourceTree = "<group>"; };
		848F4D8628F1C164007AC421 /* Assets.xcassets */ = {isa = PBXFileReference; lastKnownFileType = folder.assetcatalog; path = Assets.xcassets; sourceTree = "<group>"; };
		848F4D8928F1C164007AC421 /* Base */ = {isa = PBXFileReference; lastKnownFileType = file.storyboard; name = Base; path = Base.lproj/LaunchScreen.storyboard; sourceTree = "<group>"; };
		848F4D8B28F1C164007AC421 /* Info.plist */ = {isa = PBXFileReference; lastKnownFileType = text.plist.xml; path = Info.plist; sourceTree = "<group>"; };
		848F4D9028F1C164007AC421 /* Growth99Tests.xctest */ = {isa = PBXFileReference; explicitFileType = wrapper.cfbundle; includeInIndex = 0; path = Growth99Tests.xctest; sourceTree = BUILT_PRODUCTS_DIR; };
		848F4D9428F1C164007AC421 /* Growth99Tests.swift */ = {isa = PBXFileReference; lastKnownFileType = sourcecode.swift; path = Growth99Tests.swift; sourceTree = "<group>"; };
		848F4D9A28F1C164007AC421 /* Growth99UITests.xctest */ = {isa = PBXFileReference; explicitFileType = wrapper.cfbundle; includeInIndex = 0; path = Growth99UITests.xctest; sourceTree = BUILT_PRODUCTS_DIR; };
		848F4D9E28F1C164007AC421 /* Growth99UITests.swift */ = {isa = PBXFileReference; lastKnownFileType = sourcecode.swift; path = Growth99UITests.swift; sourceTree = "<group>"; };
		848F4DA028F1C164007AC421 /* Growth99UITestsLaunchTests.swift */ = {isa = PBXFileReference; lastKnownFileType = sourcecode.swift; path = Growth99UITestsLaunchTests.swift; sourceTree = "<group>"; };
		8497A03028F9CC9300CBA26C /* Alamofire.framework */ = {isa = PBXFileReference; explicitFileType = wrapper.framework; path = Alamofire.framework; sourceTree = BUILT_PRODUCTS_DIR; };
		8497A03A28FF11E200CBA26C /* Production.plist */ = {isa = PBXFileReference; fileEncoding = 4; lastKnownFileType = text.plist.xml; path = Production.plist; sourceTree = "<group>"; };
		8497A03B28FF11E200CBA26C /* Development.plist */ = {isa = PBXFileReference; fileEncoding = 4; lastKnownFileType = text.plist.xml; path = Development.plist; sourceTree = "<group>"; };
		8497A03C28FF11E200CBA26C /* Staging.plist */ = {isa = PBXFileReference; fileEncoding = 4; lastKnownFileType = text.plist.xml; path = Staging.plist; sourceTree = "<group>"; };
		8497A03D28FF11E200CBA26C /* QA.plist */ = {isa = PBXFileReference; fileEncoding = 4; lastKnownFileType = text.plist.xml; path = QA.plist; sourceTree = "<group>"; };
		84B2E5AC2913A34000BAA535 /* Growth99-Bridging-Header.h */ = {isa = PBXFileReference; lastKnownFileType = sourcecode.c.h; path = "Growth99-Bridging-Header.h"; sourceTree = "<group>"; };
		84D1EE3B2923B03A00AAAF26 /* NetworkRequestManager.swift */ = {isa = PBXFileReference; lastKnownFileType = sourcecode.swift; path = NetworkRequestManager.swift; sourceTree = "<group>"; };
		84D1EE3D2923BB8300AAAF26 /* UpdateUserProfile.swift */ = {isa = PBXFileReference; lastKnownFileType = sourcecode.swift; path = UpdateUserProfile.swift; sourceTree = "<group>"; };
		84E2C91E2923D93200F79DFA /* UserListViewContoller.swift */ = {isa = PBXFileReference; lastKnownFileType = sourcecode.swift; path = UserListViewContoller.swift; sourceTree = "<group>"; };
		84E2C9202923D94200F79DFA /* UserListViewContoller.storyboard */ = {isa = PBXFileReference; lastKnownFileType = file.storyboard; path = UserListViewContoller.storyboard; sourceTree = "<group>"; };
		B09670DEAC7D86BE95FED127 /* Pods_Growth99.framework */ = {isa = PBXFileReference; explicitFileType = wrapper.framework; includeInIndex = 0; path = Pods_Growth99.framework; sourceTree = BUILT_PRODUCTS_DIR; };
		E506E9461890E5340262A1A3 /* Pods-Growth99-Growth99UITests.debug.xcconfig */ = {isa = PBXFileReference; includeInIndex = 1; lastKnownFileType = text.xcconfig; name = "Pods-Growth99-Growth99UITests.debug.xcconfig"; path = "Target Support Files/Pods-Growth99-Growth99UITests/Pods-Growth99-Growth99UITests.debug.xcconfig"; sourceTree = "<group>"; };
		EF2EEEBEC58168C141CED376 /* Pods-Growth99Tests.release.xcconfig */ = {isa = PBXFileReference; includeInIndex = 1; lastKnownFileType = text.xcconfig; name = "Pods-Growth99Tests.release.xcconfig"; path = "Target Support Files/Pods-Growth99Tests/Pods-Growth99Tests.release.xcconfig"; sourceTree = "<group>"; };
		FCB9E8D8CF56D67F03769EA9 /* Pods_Growth99_Growth99UITests.framework */ = {isa = PBXFileReference; explicitFileType = wrapper.framework; includeInIndex = 0; path = Pods_Growth99_Growth99UITests.framework; sourceTree = BUILT_PRODUCTS_DIR; };
/* End PBXFileReference section */

/* Begin PBXFrameworksBuildPhase section */
		848F4D7728F1C160007AC421 /* Frameworks */ = {
			isa = PBXFrameworksBuildPhase;
			buildActionMask = 2147483647;
			files = (
				689AB2164257336B833F7A8A /* Pods_Growth99.framework in Frameworks */,
			);
			runOnlyForDeploymentPostprocessing = 0;
		};
		848F4D8D28F1C164007AC421 /* Frameworks */ = {
			isa = PBXFrameworksBuildPhase;
			buildActionMask = 2147483647;
			files = (
				D302271686E1A04112A5EB59 /* Pods_Growth99Tests.framework in Frameworks */,
			);
			runOnlyForDeploymentPostprocessing = 0;
		};
		848F4D9728F1C164007AC421 /* Frameworks */ = {
			isa = PBXFrameworksBuildPhase;
			buildActionMask = 2147483647;
			files = (
				A9829DCF5FA863FF8E06EBBD /* Pods_Growth99_Growth99UITests.framework in Frameworks */,
			);
			runOnlyForDeploymentPostprocessing = 0;
		};
/* End PBXFrameworksBuildPhase section */

/* Begin PBXGroup section */
		845C3986292273B800D934C5 /* MyProfile */ = {
			isa = PBXGroup;
			children = (
				845C3987292273B800D934C5 /* Appointments */,
				845C398D292273B800D934C5 /* ChangePassword */,
				845C3990292273B800D934C5 /* Vacation Schedule */,
				845C398A292273B800D934C5 /* Working Schedule */,
			);
			path = MyProfile;
			sourceTree = "<group>";
		};
		845C3987292273B800D934C5 /* Appointments */ = {
			isa = PBXGroup;
			children = (
				845C3988292273B800D934C5 /* AppointmentsViewController.swift */,
				845C3989292273B800D934C5 /* AppointmentsViewController.storyboard */,
			);
			path = Appointments;
			sourceTree = "<group>";
		};
		845C398A292273B800D934C5 /* Working Schedule */ = {
			isa = PBXGroup;
			children = (
				845C398B292273B800D934C5 /* WorkingScheduleViewController.swift */,
				845C398C292273B800D934C5 /* WorkingScheduleViewController.storyboard */,
			);
			path = "Working Schedule";
			sourceTree = "<group>";
		};
		845C398D292273B800D934C5 /* ChangePassword */ = {
			isa = PBXGroup;
			children = (
				845C398E292273B800D934C5 /* ChangePasswordViewController.swift */,
				845C398F292273B800D934C5 /* ChangePasswordViewController.storyboard */,
			);
			path = ChangePassword;
			sourceTree = "<group>";
		};
		845C3990292273B800D934C5 /* Vacation Schedule */ = {
			isa = PBXGroup;
			children = (
				845C3992292273B800D934C5 /* VacationScheduleViewController.swift */,
				845C3991292273B800D934C5 /* VacationScheduleViewController.storyboard */,
			);
			path = "Vacation Schedule";
			sourceTree = "<group>";
		};
		845C399B292276AF00D934C5 /* iOSDropDown */ = {
			isa = PBXGroup;
			children = (
				845C399C292276AF00D934C5 /* Classes */,
			);
			path = iOSDropDown;
			sourceTree = "<group>";
		};
		845C399C292276AF00D934C5 /* Classes */ = {
			isa = PBXGroup;
			children = (
				845C399D292276AF00D934C5 /* iOSDropDown.swift */,
			);
			path = Classes;
			sourceTree = "<group>";
		};
		845C399E292276AF00D934C5 /* LoaderScreens */ = {
			isa = PBXGroup;
			children = (
				845C399F292276AF00D934C5 /* SpinnerView.swift */,
				845C39A0292276AF00D934C5 /* SwiftLoader.swift */,
			);
			path = LoaderScreens;
			sourceTree = "<group>";
		};
		845C39A1292276AF00D934C5 /* KeyChain */ = {
			isa = PBXGroup;
			children = (
				845C39A2292276AF00D934C5 /* KeychainWrapper.swift */,
				845C39A3292276AF00D934C5 /* KeychainItemAccessibility.swift */,
			);
			path = KeyChain;
			sourceTree = "<group>";
		};
		845C39A4292276AF00D934C5 /* KYDrawerController */ = {
			isa = PBXGroup;
			children = (
				845C39A5292276AF00D934C5 /* KYDrawerController.h */,
				845C39A6292276AF00D934C5 /* Classes */,
			);
			path = KYDrawerController;
			sourceTree = "<group>";
		};
		845C39A6292276AF00D934C5 /* Classes */ = {
			isa = PBXGroup;
			children = (
				845C39A7292276AF00D934C5 /* KYEmbedDrawerControllerSegue.swift */,
				845C39A8292276AF00D934C5 /* KYDrawerController.swift */,
				845C39A9292276AF00D934C5 /* KYEmbedMainControllerSegue.swift */,
			);
			path = Classes;
			sourceTree = "<group>";
		};
		845C39AA292276AF00D934C5 /* Constants */ = {
			isa = PBXGroup;
			children = (
				845C39AB292276AF00D934C5 /* Constant.swift */,
			);
			path = Constants;
			sourceTree = "<group>";
		};
		845C39AC292276AF00D934C5 /* SideDrawerMenu */ = {
			isa = PBXGroup;
			children = (
				845C39AE292276AF00D934C5 /* DrawerViewModel.swift */,
				845C39AF292276AF00D934C5 /* DrawerViewContoller.swift */,
				845C39AD292276AF00D934C5 /* DrawerViewContoller.storyboard */,
				845C39B0292276AF00D934C5 /* SideMenuTableViewCells */,
			);
			path = SideDrawerMenu;
			sourceTree = "<group>";
		};
		845C39B0292276AF00D934C5 /* SideMenuTableViewCells */ = {
			isa = PBXGroup;
			children = (
				845C39B7292276AF00D934C5 /* MenuModel.swift */,
				845C39B4292276AF00D934C5 /* MenuTableViewCell.swift */,
				845C39B1292276AF00D934C5 /* MenuTableViewCell.xib */,
				845C39B5292276AF00D934C5 /* HeaderViewTableViewCell.swift */,
				845C39B3292276AF00D934C5 /* HeaderViewTableViewCell.xib */,
				845C39B2292276AF00D934C5 /* SubMenuTableViewCell.swift */,
				845C39B6292276AF00D934C5 /* SubMenuTableViewCell.xib */,
			);
			path = SideMenuTableViewCells;
			sourceTree = "<group>";
		};
		845C39B8292276AF00D934C5 /* Extenssion */ = {
			isa = PBXGroup;
			children = (
				845C39B9292276AF00D934C5 /* UIColorExtension.swift */,
				845C39BA292276AF00D934C5 /* EnvironmentManager.swift */,
				845C39BB292276AF00D934C5 /* UITextFieldExtension.swift */,
				845C39BC292276AF00D934C5 /* UILabelExtension.swift */,
				845C39BD292276AF00D934C5 /* ViewExtension.swift */,
				845C39BE292276AF00D934C5 /* UITapGestureRecognizerExtension.swift */,
				845C39BF292276AF00D934C5 /* GRBarbuttonItem.swift */,
				845C39C0292276AF00D934C5 /* HyperLinkLabel.swift */,
				845C39C1292276AF00D934C5 /* CustomNavaigationContoller.swift */,
			);
			path = Extenssion;
			sourceTree = "<group>";
		};
		845C39C2292276AF00D934C5 /* Network */ = {
			isa = PBXGroup;
			children = (
				845C39C3292276AF00D934C5 /* EndPoints.swift */,
				845C39C4292276AF00D934C5 /* RefreshTokenRequest.swift */,
				845C39C5292276AF00D934C5 /* NetworkManager.swift */,
				845C39C6292276AF00D934C5 /* ApiRouter.swift */,
				845C39C7292276AF00D934C5 /* Reachability.swift */,
				845C39C8292276AF00D934C5 /* ServiceManager.swift */,
				845C39C9292276AF00D934C5 /* NetworkingService.swift */,
				845C39CA292276AF00D934C5 /* ErrorResponse.swift */,
				845C39CB292276AF00D934C5 /* ErrorDetails.swift */,
				84D1EE3B2923B03A00AAAF26 /* NetworkRequestManager.swift */,
			);
			path = Network;
			sourceTree = "<group>";
		};
		845C39F1292276C000D934C5 /* Welcome Screens */ = {
			isa = PBXGroup;
			children = (
				845C39FF292276C000D934C5 /* Login */,
				845C39F2292276C000D934C5 /* Registration */,
				845C39F7292276C000D934C5 /* ForgotPassword */,
				845C39FB292276C000D934C5 /* VerifyForgotPassword */,
			);
			path = "Welcome Screens";
			sourceTree = "<group>";
		};
		845C39F2292276C000D934C5 /* Registration */ = {
			isa = PBXGroup;
			children = (
				845C39F3292276C000D934C5 /* RegistrationModel.swift */,
				845C39F5292276C000D934C5 /* RegistrationViewModel.swift */,
				845C39F6292276C000D934C5 /* RegistrationViewController.swift */,
				845C39F4292276C000D934C5 /* RegistrationViewController.storyboard */,
			);
			path = Registration;
			sourceTree = "<group>";
		};
		845C39F7292276C000D934C5 /* ForgotPassword */ = {
			isa = PBXGroup;
			children = (
				845C39FA292276C000D934C5 /* ForgotPasswordViewModel.swift */,
				845C39F9292276C000D934C5 /* ForgotPasswordViewController.swift */,
				845C39F8292276C000D934C5 /* ForgotPasswordViewController.storyboard */,
			);
			path = ForgotPassword;
			sourceTree = "<group>";
		};
		845C39FB292276C000D934C5 /* VerifyForgotPassword */ = {
			isa = PBXGroup;
			children = (
				845C39FC292276C000D934C5 /* VerifyForgotPasswordViewModel.swift */,
				845C39FD292276C000D934C5 /* VerifyForgotPasswordViewController.swift */,
				845C39FE292276C000D934C5 /* VerifyForgotPasswordViewController.storyboard */,
			);
			path = VerifyForgotPassword;
			sourceTree = "<group>";
		};
		845C39FF292276C000D934C5 /* Login */ = {
			isa = PBXGroup;
			children = (
				845C3A03292276C000D934C5 /* User.swift */,
				845C3A02292276C000D934C5 /* LoginModel.swift */,
				845C3A01292276C000D934C5 /* LogInViewModel.swift */,
				845C3A00292276C000D934C5 /* UserRepository.swift */,
				845C3A06292276C000D934C5 /* LoginService.swift */,
				845C3A07292276C000D934C5 /* LogInViewController.swift */,
				845C3A04292276C000D934C5 /* LogInViewController.storyboard */,
			);
			path = Login;
			sourceTree = "<group>";
		};
		845C3A08292276C000D934C5 /* Dashboard */ = {
			isa = PBXGroup;
			children = (
				845C3A09292276C000D934C5 /* HomeView */,
			);
			path = Dashboard;
			sourceTree = "<group>";
		};
		845C3A09292276C000D934C5 /* HomeView */ = {
			isa = PBXGroup;
			children = (
				845C3A0C292276C000D934C5 /* UserProfile.swift */,
				845C3A0D292276C000D934C5 /* ClinicsModel.swift */,
				84D1EE3D2923BB8300AAAF26 /* UpdateUserProfile.swift */,
				845C3A0A292276C000D934C5 /* HomeViewModel.swift */,
				845C3A0B292276C000D934C5 /* HomeViewContoller.swift */,
				845C3A0E292276C000D934C5 /* HomeViewContoller.storyboard */,
			);
			path = HomeView;
			sourceTree = "<group>";
		};
		848C9298291F6A9F00502956 /* RSSelectionMenu */ = {
			isa = PBXGroup;
			children = (
				848C9299291F6A9F00502956 /* Source */,
				848C92A1291F6A9F00502956 /* Utilities */,
				848C92A7291F6A9F00502956 /* RSSelectionMenu.h */,
			);
			path = RSSelectionMenu;
			sourceTree = "<group>";
		};
		848C9299291F6A9F00502956 /* Source */ = {
			isa = PBXGroup;
			children = (
				848C929B291F6A9F00502956 /* NavigationBarTheme.swift */,
				848C929F291F6A9F00502956 /* RSSelectionMenuSearchDelegate.swift */,
				848C929E291F6A9F00502956 /* RSFirstRowSelection.swift */,
				848C929C291F6A9F00502956 /* RSSelectionMenuDataSource.swift */,
				848C929D291F6A9F00502956 /* RSSelectionMenuDelegate.swift */,
				848C929A291F6A9F00502956 /* RSSelectionMenuController.swift */,
				848C92A0291F6A9F00502956 /* RSSelectionTableView.swift */,
			);
			path = Source;
			sourceTree = "<group>";
		};
		848C92A1291F6A9F00502956 /* Utilities */ = {
			isa = PBXGroup;
			children = (
				848C92A2291F6A9F00502956 /* Constants.swift */,
				848C92A3291F6A9F00502956 /* Enums.swift */,
				848C92A4291F6A9F00502956 /* Extensions */,
			);
			path = Utilities;
			sourceTree = "<group>";
		};
		848C92A4291F6A9F00502956 /* Extensions */ = {
			isa = PBXGroup;
			children = (
				848C92A5291F6A9F00502956 /* ViewControllerExtension.swift */,
			);
			path = Extensions;
			sourceTree = "<group>";
		};
		848F4D7128F1C160007AC421 = {
			isa = PBXGroup;
			children = (
				848F4D7C28F1C160007AC421 /* Growth99 */,
				848F4D9328F1C164007AC421 /* Growth99Tests */,
				848F4D9D28F1C164007AC421 /* Growth99UITests */,
				848F4D7B28F1C160007AC421 /* Products */,
				8497A01128F9CB3300CBA26C /* Frameworks */,
				DE5547C14E13DB3FD35464AF /* Pods */,
			);
			sourceTree = "<group>";
		};
		848F4D7B28F1C160007AC421 /* Products */ = {
			isa = PBXGroup;
			children = (
				848F4D7A28F1C160007AC421 /* Growth99.app */,
				848F4D9028F1C164007AC421 /* Growth99Tests.xctest */,
				848F4D9A28F1C164007AC421 /* Growth99UITests.xctest */,
			);
			name = Products;
			sourceTree = "<group>";
		};
		848F4D7C28F1C160007AC421 /* Growth99 */ = {
			isa = PBXGroup;
			children = (
				848F4D8B28F1C164007AC421 /* Info.plist */,
				84B2E5AC2913A34000BAA535 /* Growth99-Bridging-Header.h */,
				8497A04528FF126000CBA26C /* Application */,
				8497A03928FF11E200CBA26C /* Environment */,
				8497A04228FF121A00CBA26C /* HelperClass */,
				845C3A08292276C000D934C5 /* Dashboard */,
				845C3986292273B800D934C5 /* MyProfile */,
				84E2C91D2923D8C600F79DFA /* Account And Setting */,
				845C39F1292276C000D934C5 /* Welcome Screens */,
			);
			path = Growth99;
			sourceTree = "<group>";
		};
		848F4D9328F1C164007AC421 /* Growth99Tests */ = {
			isa = PBXGroup;
			children = (
				848F4D9428F1C164007AC421 /* Growth99Tests.swift */,
			);
			path = Growth99Tests;
			sourceTree = "<group>";
		};
		848F4D9D28F1C164007AC421 /* Growth99UITests */ = {
			isa = PBXGroup;
			children = (
				848F4D9E28F1C164007AC421 /* Growth99UITests.swift */,
				848F4DA028F1C164007AC421 /* Growth99UITestsLaunchTests.swift */,
			);
			path = Growth99UITests;
			sourceTree = "<group>";
		};
		8497A01128F9CB3300CBA26C /* Frameworks */ = {
			isa = PBXGroup;
			children = (
				84872B082917D7FF0063DD3B /* SDWebImage.framework */,
				84872B052917D61F0063DD3B /* AlamofireImage.framework */,
				8497A03028F9CC9300CBA26C /* Alamofire.framework */,
				B09670DEAC7D86BE95FED127 /* Pods_Growth99.framework */,
				FCB9E8D8CF56D67F03769EA9 /* Pods_Growth99_Growth99UITests.framework */,
				29C1CFE4A7847699E49EFF35 /* Pods_Growth99Tests.framework */,
			);
			name = Frameworks;
			sourceTree = "<group>";
		};
		8497A03928FF11E200CBA26C /* Environment */ = {
			isa = PBXGroup;
			children = (
				8497A03B28FF11E200CBA26C /* Development.plist */,
				8497A03A28FF11E200CBA26C /* Production.plist */,
				8497A03C28FF11E200CBA26C /* Staging.plist */,
				8497A03D28FF11E200CBA26C /* QA.plist */,
			);
			path = Environment;
			sourceTree = "<group>";
		};
		8497A04228FF121A00CBA26C /* HelperClass */ = {
			isa = PBXGroup;
			children = (
				845C39C2292276AF00D934C5 /* Network */,
				845C39A1292276AF00D934C5 /* KeyChain */,
				845C39AA292276AF00D934C5 /* Constants */,
				845C39B8292276AF00D934C5 /* Extenssion */,
				845C399E292276AF00D934C5 /* LoaderScreens */,
				845C399B292276AF00D934C5 /* iOSDropDown */,
				845C39AC292276AF00D934C5 /* SideDrawerMenu */,
				848C9298291F6A9F00502956 /* RSSelectionMenu */,
				845C39A4292276AF00D934C5 /* KYDrawerController */,
			);
			path = HelperClass;
			sourceTree = "<group>";
		};
		8497A04528FF126000CBA26C /* Application */ = {
			isa = PBXGroup;
			children = (
				847E1F1E2916B39200C221C0 /* test.json */,
				848F4D7D28F1C160007AC421 /* AppDelegate.swift */,
				848F4D7F28F1C160007AC421 /* SceneDelegate.swift */,
				848F4D8828F1C164007AC421 /* LaunchScreen.storyboard */,
				848F4D8628F1C164007AC421 /* Assets.xcassets */,
			);
			path = Application;
			sourceTree = "<group>";
		};
		84E2C91D2923D8C600F79DFA /* Account And Setting */ = {
			isa = PBXGroup;
			children = (
				84E2C91E2923D93200F79DFA /* UserListViewContoller.swift */,
				84E2C9202923D94200F79DFA /* UserListViewContoller.storyboard */,
			);
			path = "Account And Setting";
			sourceTree = "<group>";
		};
		DE5547C14E13DB3FD35464AF /* Pods */ = {
			isa = PBXGroup;
			children = (
				11C590CAF572F9A763746555 /* Pods-Growth99.debug.xcconfig */,
				3DBAECCF2C3ED270F1E15530 /* Pods-Growth99.release.xcconfig */,
				E506E9461890E5340262A1A3 /* Pods-Growth99-Growth99UITests.debug.xcconfig */,
				6412355B8E0D08CD421922F9 /* Pods-Growth99-Growth99UITests.release.xcconfig */,
				443AB5636EFB8B64DD26D2D3 /* Pods-Growth99Tests.debug.xcconfig */,
				EF2EEEBEC58168C141CED376 /* Pods-Growth99Tests.release.xcconfig */,
			);
			path = Pods;
			sourceTree = "<group>";
		};
/* End PBXGroup section */

/* Begin PBXNativeTarget section */
		848F4D7928F1C160007AC421 /* Growth99 */ = {
			isa = PBXNativeTarget;
			buildConfigurationList = 848F4DA428F1C164007AC421 /* Build configuration list for PBXNativeTarget "Growth99" */;
			buildPhases = (
				7A5E7395282EFBD7661E3DB8 /* [CP] Check Pods Manifest.lock */,
				848F4D7628F1C160007AC421 /* Sources */,
				848F4D7728F1C160007AC421 /* Frameworks */,
				848F4D7828F1C160007AC421 /* Resources */,
				419FB12EB3511AADD54EDF26 /* [CP] Embed Pods Frameworks */,
			);
			buildRules = (
			);
			dependencies = (
			);
			name = Growth99;
			productName = Growth99;
			productReference = 848F4D7A28F1C160007AC421 /* Growth99.app */;
			productType = "com.apple.product-type.application";
		};
		848F4D8F28F1C164007AC421 /* Growth99Tests */ = {
			isa = PBXNativeTarget;
			buildConfigurationList = 848F4DA728F1C164007AC421 /* Build configuration list for PBXNativeTarget "Growth99Tests" */;
			buildPhases = (
				A6B15E2872F4A25D3D436277 /* [CP] Check Pods Manifest.lock */,
				848F4D8C28F1C164007AC421 /* Sources */,
				848F4D8D28F1C164007AC421 /* Frameworks */,
				848F4D8E28F1C164007AC421 /* Resources */,
			);
			buildRules = (
			);
			dependencies = (
				848F4D9228F1C164007AC421 /* PBXTargetDependency */,
			);
			name = Growth99Tests;
			productName = Growth99Tests;
			productReference = 848F4D9028F1C164007AC421 /* Growth99Tests.xctest */;
			productType = "com.apple.product-type.bundle.unit-test";
		};
		848F4D9928F1C164007AC421 /* Growth99UITests */ = {
			isa = PBXNativeTarget;
			buildConfigurationList = 848F4DAA28F1C164007AC421 /* Build configuration list for PBXNativeTarget "Growth99UITests" */;
			buildPhases = (
				1A55CE0AE518ACAC8A932BE0 /* [CP] Check Pods Manifest.lock */,
				848F4D9628F1C164007AC421 /* Sources */,
				848F4D9728F1C164007AC421 /* Frameworks */,
				848F4D9828F1C164007AC421 /* Resources */,
				DF5C8EFBE5734B11F0368A8E /* [CP] Embed Pods Frameworks */,
			);
			buildRules = (
			);
			dependencies = (
				848F4D9C28F1C164007AC421 /* PBXTargetDependency */,
			);
			name = Growth99UITests;
			productName = Growth99UITests;
			productReference = 848F4D9A28F1C164007AC421 /* Growth99UITests.xctest */;
			productType = "com.apple.product-type.bundle.ui-testing";
		};
/* End PBXNativeTarget section */

/* Begin PBXProject section */
		848F4D7228F1C160007AC421 /* Project object */ = {
			isa = PBXProject;
			attributes = {
				LastSwiftUpdateCheck = 1400;
				LastUpgradeCheck = 1400;
				TargetAttributes = {
					848F4D7928F1C160007AC421 = {
						CreatedOnToolsVersion = 14.0;
						LastSwiftMigration = 1400;
					};
					848F4D8F28F1C164007AC421 = {
						CreatedOnToolsVersion = 14.0;
						TestTargetID = 848F4D7928F1C160007AC421;
					};
					848F4D9928F1C164007AC421 = {
						CreatedOnToolsVersion = 14.0;
						TestTargetID = 848F4D7928F1C160007AC421;
					};
				};
			};
			buildConfigurationList = 848F4D7528F1C160007AC421 /* Build configuration list for PBXProject "Growth99" */;
			compatibilityVersion = "Xcode 13.0";
			developmentRegion = en;
			hasScannedForEncodings = 0;
			knownRegions = (
				en,
				Base,
			);
			mainGroup = 848F4D7128F1C160007AC421;
			productRefGroup = 848F4D7B28F1C160007AC421 /* Products */;
			projectDirPath = "";
			projectRoot = "";
			targets = (
				848F4D7928F1C160007AC421 /* Growth99 */,
				848F4D8F28F1C164007AC421 /* Growth99Tests */,
				848F4D9928F1C164007AC421 /* Growth99UITests */,
			);
		};
/* End PBXProject section */

/* Begin PBXResourcesBuildPhase section */
		848F4D7828F1C160007AC421 /* Resources */ = {
			isa = PBXResourcesBuildPhase;
			buildActionMask = 2147483647;
			files = (
				848F4D8A28F1C164007AC421 /* LaunchScreen.storyboard in Resources */,
				845C3999292273B800D934C5 /* VacationScheduleViewController.storyboard in Resources */,
				8497A03E28FF11E200CBA26C /* Production.plist in Resources */,
				845C39DA292276B000D934C5 /* HeaderViewTableViewCell.xib in Resources */,
				845C39D5292276B000D934C5 /* DrawerViewContoller.storyboard in Resources */,
				847E1F1F2916B39200C221C0 /* test.json in Resources */,
				845C3A18292276C000D934C5 /* VerifyForgotPasswordViewController.storyboard in Resources */,
				845C3A10292276C000D934C5 /* RegistrationViewController.storyboard in Resources */,
				845C3998292273B800D934C5 /* ChangePasswordViewController.storyboard in Resources */,
				848F4D8728F1C164007AC421 /* Assets.xcassets in Resources */,
				845C3A1D292276C000D934C5 /* LogInViewController.storyboard in Resources */,
				845C3994292273B800D934C5 /* AppointmentsViewController.storyboard in Resources */,
				845C39D8292276B000D934C5 /* MenuTableViewCell.xib in Resources */,
				845C3A24292276C000D934C5 /* HomeViewContoller.storyboard in Resources */,
				845C39DD292276B000D934C5 /* SubMenuTableViewCell.xib in Resources */,
				8497A04128FF11E200CBA26C /* QA.plist in Resources */,
				84E2C9212923D94200F79DFA /* UserListViewContoller.storyboard in Resources */,
				8497A04028FF11E200CBA26C /* Staging.plist in Resources */,
				845C3996292273B800D934C5 /* WorkingScheduleViewController.storyboard in Resources */,
				845C3A13292276C000D934C5 /* ForgotPasswordViewController.storyboard in Resources */,
				8497A03F28FF11E200CBA26C /* Development.plist in Resources */,
			);
			runOnlyForDeploymentPostprocessing = 0;
		};
		848F4D8E28F1C164007AC421 /* Resources */ = {
			isa = PBXResourcesBuildPhase;
			buildActionMask = 2147483647;
			files = (
			);
			runOnlyForDeploymentPostprocessing = 0;
		};
		848F4D9828F1C164007AC421 /* Resources */ = {
			isa = PBXResourcesBuildPhase;
			buildActionMask = 2147483647;
			files = (
			);
			runOnlyForDeploymentPostprocessing = 0;
		};
/* End PBXResourcesBuildPhase section */

/* Begin PBXShellScriptBuildPhase section */
		1A55CE0AE518ACAC8A932BE0 /* [CP] Check Pods Manifest.lock */ = {
			isa = PBXShellScriptBuildPhase;
			buildActionMask = 2147483647;
			files = (
			);
			inputFileListPaths = (
			);
			inputPaths = (
				"${PODS_PODFILE_DIR_PATH}/Podfile.lock",
				"${PODS_ROOT}/Manifest.lock",
			);
			name = "[CP] Check Pods Manifest.lock";
			outputFileListPaths = (
			);
			outputPaths = (
				"$(DERIVED_FILE_DIR)/Pods-Growth99-Growth99UITests-checkManifestLockResult.txt",
			);
			runOnlyForDeploymentPostprocessing = 0;
			shellPath = /bin/sh;
			shellScript = "diff \"${PODS_PODFILE_DIR_PATH}/Podfile.lock\" \"${PODS_ROOT}/Manifest.lock\" > /dev/null\nif [ $? != 0 ] ; then\n    # print error to STDERR\n    echo \"error: The sandbox is not in sync with the Podfile.lock. Run 'pod install' or update your CocoaPods installation.\" >&2\n    exit 1\nfi\n# This output is used by Xcode 'outputs' to avoid re-running this script phase.\necho \"SUCCESS\" > \"${SCRIPT_OUTPUT_FILE_0}\"\n";
			showEnvVarsInLog = 0;
		};
		419FB12EB3511AADD54EDF26 /* [CP] Embed Pods Frameworks */ = {
			isa = PBXShellScriptBuildPhase;
			buildActionMask = 2147483647;
			files = (
			);
			inputFileListPaths = (
				"${PODS_ROOT}/Target Support Files/Pods-Growth99/Pods-Growth99-frameworks-${CONFIGURATION}-input-files.xcfilelist",
			);
			name = "[CP] Embed Pods Frameworks";
			outputFileListPaths = (
				"${PODS_ROOT}/Target Support Files/Pods-Growth99/Pods-Growth99-frameworks-${CONFIGURATION}-output-files.xcfilelist",
			);
			runOnlyForDeploymentPostprocessing = 0;
			shellPath = /bin/sh;
			shellScript = "\"${PODS_ROOT}/Target Support Files/Pods-Growth99/Pods-Growth99-frameworks.sh\"\n";
			showEnvVarsInLog = 0;
		};
		7A5E7395282EFBD7661E3DB8 /* [CP] Check Pods Manifest.lock */ = {
			isa = PBXShellScriptBuildPhase;
			buildActionMask = 2147483647;
			files = (
			);
			inputFileListPaths = (
			);
			inputPaths = (
				"${PODS_PODFILE_DIR_PATH}/Podfile.lock",
				"${PODS_ROOT}/Manifest.lock",
			);
			name = "[CP] Check Pods Manifest.lock";
			outputFileListPaths = (
			);
			outputPaths = (
				"$(DERIVED_FILE_DIR)/Pods-Growth99-checkManifestLockResult.txt",
			);
			runOnlyForDeploymentPostprocessing = 0;
			shellPath = /bin/sh;
			shellScript = "diff \"${PODS_PODFILE_DIR_PATH}/Podfile.lock\" \"${PODS_ROOT}/Manifest.lock\" > /dev/null\nif [ $? != 0 ] ; then\n    # print error to STDERR\n    echo \"error: The sandbox is not in sync with the Podfile.lock. Run 'pod install' or update your CocoaPods installation.\" >&2\n    exit 1\nfi\n# This output is used by Xcode 'outputs' to avoid re-running this script phase.\necho \"SUCCESS\" > \"${SCRIPT_OUTPUT_FILE_0}\"\n";
			showEnvVarsInLog = 0;
		};
		A6B15E2872F4A25D3D436277 /* [CP] Check Pods Manifest.lock */ = {
			isa = PBXShellScriptBuildPhase;
			buildActionMask = 2147483647;
			files = (
			);
			inputFileListPaths = (
			);
			inputPaths = (
				"${PODS_PODFILE_DIR_PATH}/Podfile.lock",
				"${PODS_ROOT}/Manifest.lock",
			);
			name = "[CP] Check Pods Manifest.lock";
			outputFileListPaths = (
			);
			outputPaths = (
				"$(DERIVED_FILE_DIR)/Pods-Growth99Tests-checkManifestLockResult.txt",
			);
			runOnlyForDeploymentPostprocessing = 0;
			shellPath = /bin/sh;
			shellScript = "diff \"${PODS_PODFILE_DIR_PATH}/Podfile.lock\" \"${PODS_ROOT}/Manifest.lock\" > /dev/null\nif [ $? != 0 ] ; then\n    # print error to STDERR\n    echo \"error: The sandbox is not in sync with the Podfile.lock. Run 'pod install' or update your CocoaPods installation.\" >&2\n    exit 1\nfi\n# This output is used by Xcode 'outputs' to avoid re-running this script phase.\necho \"SUCCESS\" > \"${SCRIPT_OUTPUT_FILE_0}\"\n";
			showEnvVarsInLog = 0;
		};
		DF5C8EFBE5734B11F0368A8E /* [CP] Embed Pods Frameworks */ = {
			isa = PBXShellScriptBuildPhase;
			buildActionMask = 2147483647;
			files = (
			);
			inputFileListPaths = (
				"${PODS_ROOT}/Target Support Files/Pods-Growth99-Growth99UITests/Pods-Growth99-Growth99UITests-frameworks-${CONFIGURATION}-input-files.xcfilelist",
			);
			name = "[CP] Embed Pods Frameworks";
			outputFileListPaths = (
				"${PODS_ROOT}/Target Support Files/Pods-Growth99-Growth99UITests/Pods-Growth99-Growth99UITests-frameworks-${CONFIGURATION}-output-files.xcfilelist",
			);
			runOnlyForDeploymentPostprocessing = 0;
			shellPath = /bin/sh;
			shellScript = "\"${PODS_ROOT}/Target Support Files/Pods-Growth99-Growth99UITests/Pods-Growth99-Growth99UITests-frameworks.sh\"\n";
			showEnvVarsInLog = 0;
		};
/* End PBXShellScriptBuildPhase section */

/* Begin PBXSourcesBuildPhase section */
		848F4D7628F1C160007AC421 /* Sources */ = {
			isa = PBXSourcesBuildPhase;
			buildActionMask = 2147483647;
			files = (
				845C3A1B292276C000D934C5 /* LoginModel.swift in Sources */,
				84D1EE3E2923BB8300AAAF26 /* UpdateUserProfile.swift in Sources */,
				848C92AD291F6AA000502956 /* RSSelectionMenuSearchDelegate.swift in Sources */,
				845C3A11292276C000D934C5 /* RegistrationViewModel.swift in Sources */,
				845C39E9292276B000D934C5 /* RefreshTokenRequest.swift in Sources */,
				848C92B1291F6AA000502956 /* ViewControllerExtension.swift in Sources */,
				845C39ED292276B000D934C5 /* ServiceManager.swift in Sources */,
				845C3A0F292276C000D934C5 /* RegistrationModel.swift in Sources */,
				845C39E7292276B000D934C5 /* CustomNavaigationContoller.swift in Sources */,
				845C3A21292276C000D934C5 /* HomeViewContoller.swift in Sources */,
				845C3A1C292276C000D934C5 /* User.swift in Sources */,
				848C92A8291F6AA000502956 /* RSSelectionMenuController.swift in Sources */,
				848C92B0291F6AA000502956 /* Enums.swift in Sources */,
				84E2C91F2923D93300F79DFA /* UserListViewContoller.swift in Sources */,
				845C3A22292276C000D934C5 /* UserProfile.swift in Sources */,
				848F4D7E28F1C160007AC421 /* AppDelegate.swift in Sources */,
				845C39E1292276B000D934C5 /* UITextFieldExtension.swift in Sources */,
				845C39D0292276AF00D934C5 /* KeychainItemAccessibility.swift in Sources */,
				845C39E6292276B000D934C5 /* HyperLinkLabel.swift in Sources */,
				845C39D1292276AF00D934C5 /* KYEmbedDrawerControllerSegue.swift in Sources */,
				845C39DC292276B000D934C5 /* HeaderViewTableViewCell.swift in Sources */,
				845C39D6292276B000D934C5 /* DrawerViewModel.swift in Sources */,
				845C39EB292276B000D934C5 /* ApiRouter.swift in Sources */,
				845C3A19292276C000D934C5 /* UserRepository.swift in Sources */,
				848C92A9291F6AA000502956 /* NavigationBarTheme.swift in Sources */,
				845C39EE292276B000D934C5 /* NetworkingService.swift in Sources */,
				845C399A292273B800D934C5 /* VacationScheduleViewController.swift in Sources */,
				845C39DF292276B000D934C5 /* UIColorExtension.swift in Sources */,
				845C39DB292276B000D934C5 /* MenuTableViewCell.swift in Sources */,
				845C39E0292276B000D934C5 /* EnvironmentManager.swift in Sources */,
				845C3995292273B800D934C5 /* WorkingScheduleViewController.swift in Sources */,
				845C39F0292276B000D934C5 /* ErrorDetails.swift in Sources */,
				845C3A1A292276C000D934C5 /* LogInViewModel.swift in Sources */,
				845C39D9292276B000D934C5 /* SubMenuTableViewCell.swift in Sources */,
				848F4D8028F1C160007AC421 /* SceneDelegate.swift in Sources */,
				845C3A17292276C000D934C5 /* VerifyForgotPasswordViewController.swift in Sources */,
				845C3A1E292276C000D934C5 /* LoginService.swift in Sources */,
				845C39E3292276B000D934C5 /* ViewExtension.swift in Sources */,
				845C39EC292276B000D934C5 /* Reachability.swift in Sources */,
				845C39CF292276AF00D934C5 /* KeychainWrapper.swift in Sources */,
				845C3A12292276C000D934C5 /* RegistrationViewController.swift in Sources */,
				845C3A20292276C000D934C5 /* HomeViewModel.swift in Sources */,
				845C39D2292276AF00D934C5 /* KYDrawerController.swift in Sources */,
				845C39D7292276B000D934C5 /* DrawerViewContoller.swift in Sources */,
				848C92AC291F6AA000502956 /* RSFirstRowSelection.swift in Sources */,
				845C3A16292276C000D934C5 /* VerifyForgotPasswordViewModel.swift in Sources */,
				845C39CD292276AF00D934C5 /* SpinnerView.swift in Sources */,
				848C92AA291F6AA000502956 /* RSSelectionMenuDataSource.swift in Sources */,
				845C39E5292276B000D934C5 /* GRBarbuttonItem.swift in Sources */,
				845C3A23292276C000D934C5 /* ClinicsModel.swift in Sources */,
				848C92AF291F6AA000502956 /* Constants.swift in Sources */,
				845C39E8292276B000D934C5 /* EndPoints.swift in Sources */,
				845C39D4292276B000D934C5 /* Constant.swift in Sources */,
				848C92AB291F6AA000502956 /* RSSelectionMenuDelegate.swift in Sources */,
				845C3A1F292276C000D934C5 /* LogInViewController.swift in Sources */,
				845C39CC292276AF00D934C5 /* iOSDropDown.swift in Sources */,
				845C3A15292276C000D934C5 /* ForgotPasswordViewModel.swift in Sources */,
				848C92AE291F6AA000502956 /* RSSelectionTableView.swift in Sources */,
				845C39EF292276B000D934C5 /* ErrorResponse.swift in Sources */,
				845C39D3292276AF00D934C5 /* KYEmbedMainControllerSegue.swift in Sources */,
				84D1EE3C2923B03A00AAAF26 /* NetworkRequestManager.swift in Sources */,
				845C3997292273B800D934C5 /* ChangePasswordViewController.swift in Sources */,
				845C3993292273B800D934C5 /* AppointmentsViewController.swift in Sources */,
				845C3A14292276C000D934C5 /* ForgotPasswordViewController.swift in Sources */,
				845C39E4292276B000D934C5 /* UITapGestureRecognizerExtension.swift in Sources */,
				845C39E2292276B000D934C5 /* UILabelExtension.swift in Sources */,
				845C39CE292276AF00D934C5 /* SwiftLoader.swift in Sources */,
				845C39EA292276B000D934C5 /* NetworkManager.swift in Sources */,
				845C39DE292276B000D934C5 /* MenuModel.swift in Sources */,
			);
			runOnlyForDeploymentPostprocessing = 0;
		};
		848F4D8C28F1C164007AC421 /* Sources */ = {
			isa = PBXSourcesBuildPhase;
			buildActionMask = 2147483647;
			files = (
				848F4D9528F1C164007AC421 /* Growth99Tests.swift in Sources */,
			);
			runOnlyForDeploymentPostprocessing = 0;
		};
		848F4D9628F1C164007AC421 /* Sources */ = {
			isa = PBXSourcesBuildPhase;
			buildActionMask = 2147483647;
			files = (
				848F4DA128F1C164007AC421 /* Growth99UITestsLaunchTests.swift in Sources */,
				848F4D9F28F1C164007AC421 /* Growth99UITests.swift in Sources */,
			);
			runOnlyForDeploymentPostprocessing = 0;
		};
/* End PBXSourcesBuildPhase section */

/* Begin PBXTargetDependency section */
		848F4D9228F1C164007AC421 /* PBXTargetDependency */ = {
			isa = PBXTargetDependency;
			target = 848F4D7928F1C160007AC421 /* Growth99 */;
			targetProxy = 848F4D9128F1C164007AC421 /* PBXContainerItemProxy */;
		};
		848F4D9C28F1C164007AC421 /* PBXTargetDependency */ = {
			isa = PBXTargetDependency;
			target = 848F4D7928F1C160007AC421 /* Growth99 */;
			targetProxy = 848F4D9B28F1C164007AC421 /* PBXContainerItemProxy */;
		};
/* End PBXTargetDependency section */

/* Begin PBXVariantGroup section */
		845C3A04292276C000D934C5 /* LogInViewController.storyboard */ = {
			isa = PBXVariantGroup;
			children = (
				845C3A05292276C000D934C5 /* Base */,
			);
			name = LogInViewController.storyboard;
			sourceTree = "<group>";
		};
		848F4D8828F1C164007AC421 /* LaunchScreen.storyboard */ = {
			isa = PBXVariantGroup;
			children = (
				848F4D8928F1C164007AC421 /* Base */,
			);
			name = LaunchScreen.storyboard;
			sourceTree = "<group>";
		};
/* End PBXVariantGroup section */

/* Begin XCBuildConfiguration section */
		848F4DA228F1C164007AC421 /* Debug */ = {
			isa = XCBuildConfiguration;
			buildSettings = {
				ALWAYS_SEARCH_USER_PATHS = NO;
				CLANG_ANALYZER_NONNULL = YES;
				CLANG_ANALYZER_NUMBER_OBJECT_CONVERSION = YES_AGGRESSIVE;
				CLANG_CXX_LANGUAGE_STANDARD = "gnu++20";
				CLANG_ENABLE_MODULES = YES;
				CLANG_ENABLE_OBJC_ARC = YES;
				CLANG_ENABLE_OBJC_WEAK = YES;
				CLANG_WARN_BLOCK_CAPTURE_AUTORELEASING = YES;
				CLANG_WARN_BOOL_CONVERSION = YES;
				CLANG_WARN_COMMA = YES;
				CLANG_WARN_CONSTANT_CONVERSION = YES;
				CLANG_WARN_DEPRECATED_OBJC_IMPLEMENTATIONS = YES;
				CLANG_WARN_DIRECT_OBJC_ISA_USAGE = YES_ERROR;
				CLANG_WARN_DOCUMENTATION_COMMENTS = YES;
				CLANG_WARN_EMPTY_BODY = YES;
				CLANG_WARN_ENUM_CONVERSION = YES;
				CLANG_WARN_INFINITE_RECURSION = YES;
				CLANG_WARN_INT_CONVERSION = YES;
				CLANG_WARN_NON_LITERAL_NULL_CONVERSION = YES;
				CLANG_WARN_OBJC_IMPLICIT_RETAIN_SELF = YES;
				CLANG_WARN_OBJC_LITERAL_CONVERSION = YES;
				CLANG_WARN_OBJC_ROOT_CLASS = YES_ERROR;
				CLANG_WARN_QUOTED_INCLUDE_IN_FRAMEWORK_HEADER = YES;
				CLANG_WARN_RANGE_LOOP_ANALYSIS = YES;
				CLANG_WARN_STRICT_PROTOTYPES = YES;
				CLANG_WARN_SUSPICIOUS_MOVE = YES;
				CLANG_WARN_UNGUARDED_AVAILABILITY = YES_AGGRESSIVE;
				CLANG_WARN_UNREACHABLE_CODE = YES;
				CLANG_WARN__DUPLICATE_METHOD_MATCH = YES;
				COPY_PHASE_STRIP = NO;
				DEBUG_INFORMATION_FORMAT = dwarf;
				ENABLE_STRICT_OBJC_MSGSEND = YES;
				ENABLE_TESTABILITY = YES;
				GCC_C_LANGUAGE_STANDARD = gnu11;
				GCC_DYNAMIC_NO_PIC = NO;
				GCC_NO_COMMON_BLOCKS = YES;
				GCC_OPTIMIZATION_LEVEL = 0;
				GCC_PREPROCESSOR_DEFINITIONS = (
					"DEBUG=1",
					"$(inherited)",
				);
				GCC_WARN_64_TO_32_BIT_CONVERSION = YES;
				GCC_WARN_ABOUT_RETURN_TYPE = YES_ERROR;
				GCC_WARN_UNDECLARED_SELECTOR = YES;
				GCC_WARN_UNINITIALIZED_AUTOS = YES_AGGRESSIVE;
				GCC_WARN_UNUSED_FUNCTION = YES;
				GCC_WARN_UNUSED_VARIABLE = YES;
				IPHONEOS_DEPLOYMENT_TARGET = 13.0;
				MTL_ENABLE_DEBUG_INFO = INCLUDE_SOURCE;
				MTL_FAST_MATH = YES;
				ONLY_ACTIVE_ARCH = YES;
				SDKROOT = iphoneos;
				SWIFT_ACTIVE_COMPILATION_CONDITIONS = DEBUG;
				SWIFT_OPTIMIZATION_LEVEL = "-Onone";
			};
			name = Debug;
		};
		848F4DA328F1C164007AC421 /* Release */ = {
			isa = XCBuildConfiguration;
			buildSettings = {
				ALWAYS_SEARCH_USER_PATHS = NO;
				CLANG_ANALYZER_NONNULL = YES;
				CLANG_ANALYZER_NUMBER_OBJECT_CONVERSION = YES_AGGRESSIVE;
				CLANG_CXX_LANGUAGE_STANDARD = "gnu++20";
				CLANG_ENABLE_MODULES = YES;
				CLANG_ENABLE_OBJC_ARC = YES;
				CLANG_ENABLE_OBJC_WEAK = YES;
				CLANG_WARN_BLOCK_CAPTURE_AUTORELEASING = YES;
				CLANG_WARN_BOOL_CONVERSION = YES;
				CLANG_WARN_COMMA = YES;
				CLANG_WARN_CONSTANT_CONVERSION = YES;
				CLANG_WARN_DEPRECATED_OBJC_IMPLEMENTATIONS = YES;
				CLANG_WARN_DIRECT_OBJC_ISA_USAGE = YES_ERROR;
				CLANG_WARN_DOCUMENTATION_COMMENTS = YES;
				CLANG_WARN_EMPTY_BODY = YES;
				CLANG_WARN_ENUM_CONVERSION = YES;
				CLANG_WARN_INFINITE_RECURSION = YES;
				CLANG_WARN_INT_CONVERSION = YES;
				CLANG_WARN_NON_LITERAL_NULL_CONVERSION = YES;
				CLANG_WARN_OBJC_IMPLICIT_RETAIN_SELF = YES;
				CLANG_WARN_OBJC_LITERAL_CONVERSION = YES;
				CLANG_WARN_OBJC_ROOT_CLASS = YES_ERROR;
				CLANG_WARN_QUOTED_INCLUDE_IN_FRAMEWORK_HEADER = YES;
				CLANG_WARN_RANGE_LOOP_ANALYSIS = YES;
				CLANG_WARN_STRICT_PROTOTYPES = YES;
				CLANG_WARN_SUSPICIOUS_MOVE = YES;
				CLANG_WARN_UNGUARDED_AVAILABILITY = YES_AGGRESSIVE;
				CLANG_WARN_UNREACHABLE_CODE = YES;
				CLANG_WARN__DUPLICATE_METHOD_MATCH = YES;
				COPY_PHASE_STRIP = NO;
				DEBUG_INFORMATION_FORMAT = "dwarf-with-dsym";
				ENABLE_NS_ASSERTIONS = NO;
				ENABLE_STRICT_OBJC_MSGSEND = YES;
				GCC_C_LANGUAGE_STANDARD = gnu11;
				GCC_NO_COMMON_BLOCKS = YES;
				GCC_WARN_64_TO_32_BIT_CONVERSION = YES;
				GCC_WARN_ABOUT_RETURN_TYPE = YES_ERROR;
				GCC_WARN_UNDECLARED_SELECTOR = YES;
				GCC_WARN_UNINITIALIZED_AUTOS = YES_AGGRESSIVE;
				GCC_WARN_UNUSED_FUNCTION = YES;
				GCC_WARN_UNUSED_VARIABLE = YES;
				IPHONEOS_DEPLOYMENT_TARGET = 13.0;
				MTL_ENABLE_DEBUG_INFO = NO;
				MTL_FAST_MATH = YES;
				SDKROOT = iphoneos;
				SWIFT_COMPILATION_MODE = wholemodule;
				SWIFT_OPTIMIZATION_LEVEL = "-O";
				VALIDATE_PRODUCT = YES;
			};
			name = Release;
		};
		848F4DA528F1C164007AC421 /* Debug */ = {
			isa = XCBuildConfiguration;
			baseConfigurationReference = 11C590CAF572F9A763746555 /* Pods-Growth99.debug.xcconfig */;
			buildSettings = {
				ASSETCATALOG_COMPILER_APPICON_NAME = AppIcon;
				ASSETCATALOG_COMPILER_GLOBAL_ACCENT_COLOR_NAME = AccentColor;
				CLANG_ENABLE_MODULES = YES;
				CODE_SIGN_STYLE = Automatic;
				CURRENT_PROJECT_VERSION = 1;
				DEVELOPMENT_TEAM = 893P4M6HG3;
				GENERATE_INFOPLIST_FILE = YES;
				INFOPLIST_FILE = Growth99/Info.plist;
				INFOPLIST_KEY_UIApplicationSupportsIndirectInputEvents = YES;
				INFOPLIST_KEY_UILaunchStoryboardName = LaunchScreen;
				INFOPLIST_KEY_UIMainStoryboardFile = LogInViewController;
				INFOPLIST_KEY_UISupportedInterfaceOrientations_iPad = "UIInterfaceOrientationPortrait UIInterfaceOrientationPortraitUpsideDown UIInterfaceOrientationLandscapeLeft UIInterfaceOrientationLandscapeRight";
				INFOPLIST_KEY_UISupportedInterfaceOrientations_iPhone = "UIInterfaceOrientationPortrait UIInterfaceOrientationLandscapeLeft UIInterfaceOrientationLandscapeRight";
				IPHONEOS_DEPLOYMENT_TARGET = 13.0;
				LD_RUNPATH_SEARCH_PATHS = (
					"$(inherited)",
					"@executable_path/Frameworks",
				);
				MARKETING_VERSION = 1.0;
				PRODUCT_BUNDLE_IDENTIFIER = devemr.growthemr.com.Growth99;
				PRODUCT_NAME = "$(TARGET_NAME)";
				SUPPORTED_PLATFORMS = "iphoneos iphonesimulator";
				SUPPORTS_MACCATALYST = NO;
				SUPPORTS_MAC_DESIGNED_FOR_IPHONE_IPAD = NO;
				SWIFT_EMIT_LOC_STRINGS = YES;
				SWIFT_OBJC_BRIDGING_HEADER = "Growth99/Growth99-Bridging-Header.h";
				SWIFT_OPTIMIZATION_LEVEL = "-Onone";
				SWIFT_VERSION = 5.0;
				TARGETED_DEVICE_FAMILY = "1,2";
			};
			name = Debug;
		};
		848F4DA628F1C164007AC421 /* Release */ = {
			isa = XCBuildConfiguration;
			baseConfigurationReference = 3DBAECCF2C3ED270F1E15530 /* Pods-Growth99.release.xcconfig */;
			buildSettings = {
				ASSETCATALOG_COMPILER_APPICON_NAME = AppIcon;
				ASSETCATALOG_COMPILER_GLOBAL_ACCENT_COLOR_NAME = AccentColor;
				CLANG_ENABLE_MODULES = YES;
				CODE_SIGN_STYLE = Automatic;
				CURRENT_PROJECT_VERSION = 1;
				DEVELOPMENT_TEAM = 893P4M6HG3;
				GENERATE_INFOPLIST_FILE = YES;
				INFOPLIST_FILE = Growth99/Info.plist;
				INFOPLIST_KEY_UIApplicationSupportsIndirectInputEvents = YES;
				INFOPLIST_KEY_UILaunchStoryboardName = LaunchScreen;
				INFOPLIST_KEY_UIMainStoryboardFile = LogInViewController;
				INFOPLIST_KEY_UISupportedInterfaceOrientations_iPad = "UIInterfaceOrientationPortrait UIInterfaceOrientationPortraitUpsideDown UIInterfaceOrientationLandscapeLeft UIInterfaceOrientationLandscapeRight";
				INFOPLIST_KEY_UISupportedInterfaceOrientations_iPhone = "UIInterfaceOrientationPortrait UIInterfaceOrientationLandscapeLeft UIInterfaceOrientationLandscapeRight";
				IPHONEOS_DEPLOYMENT_TARGET = 13.0;
				LD_RUNPATH_SEARCH_PATHS = (
					"$(inherited)",
					"@executable_path/Frameworks",
				);
				MARKETING_VERSION = 1.0;
				PRODUCT_BUNDLE_IDENTIFIER = devemr.growthemr.com.Growth99;
				PRODUCT_NAME = "$(TARGET_NAME)";
				SUPPORTED_PLATFORMS = "iphoneos iphonesimulator";
				SUPPORTS_MACCATALYST = NO;
				SUPPORTS_MAC_DESIGNED_FOR_IPHONE_IPAD = NO;
				SWIFT_EMIT_LOC_STRINGS = YES;
				SWIFT_OBJC_BRIDGING_HEADER = "Growth99/Growth99-Bridging-Header.h";
				SWIFT_VERSION = 5.0;
				TARGETED_DEVICE_FAMILY = "1,2";
			};
			name = Release;
		};
		848F4DA828F1C164007AC421 /* Debug */ = {
			isa = XCBuildConfiguration;
			baseConfigurationReference = 443AB5636EFB8B64DD26D2D3 /* Pods-Growth99Tests.debug.xcconfig */;
			buildSettings = {
				ALWAYS_EMBED_SWIFT_STANDARD_LIBRARIES = YES;
				BUNDLE_LOADER = "$(TEST_HOST)";
				CODE_SIGN_STYLE = Automatic;
				CURRENT_PROJECT_VERSION = 1;
				DEVELOPMENT_TEAM = 893P4M6HG3;
				GENERATE_INFOPLIST_FILE = YES;
				IPHONEOS_DEPLOYMENT_TARGET = 16.0;
				MARKETING_VERSION = 1.0;
				PRODUCT_BUNDLE_IDENTIFIER = devemr.growthemr.com.Growth99Tests;
				PRODUCT_NAME = "$(TARGET_NAME)";
				SWIFT_EMIT_LOC_STRINGS = NO;
				SWIFT_VERSION = 5.0;
				TARGETED_DEVICE_FAMILY = "1,2";
				TEST_HOST = "$(BUILT_PRODUCTS_DIR)/Growth99.app/$(BUNDLE_EXECUTABLE_FOLDER_PATH)/Growth99";
			};
			name = Debug;
		};
		848F4DA928F1C164007AC421 /* Release */ = {
			isa = XCBuildConfiguration;
			baseConfigurationReference = EF2EEEBEC58168C141CED376 /* Pods-Growth99Tests.release.xcconfig */;
			buildSettings = {
				ALWAYS_EMBED_SWIFT_STANDARD_LIBRARIES = YES;
				BUNDLE_LOADER = "$(TEST_HOST)";
				CODE_SIGN_STYLE = Automatic;
				CURRENT_PROJECT_VERSION = 1;
				DEVELOPMENT_TEAM = 893P4M6HG3;
				GENERATE_INFOPLIST_FILE = YES;
				IPHONEOS_DEPLOYMENT_TARGET = 16.0;
				MARKETING_VERSION = 1.0;
				PRODUCT_BUNDLE_IDENTIFIER = devemr.growthemr.com.Growth99Tests;
				PRODUCT_NAME = "$(TARGET_NAME)";
				SWIFT_EMIT_LOC_STRINGS = NO;
				SWIFT_VERSION = 5.0;
				TARGETED_DEVICE_FAMILY = "1,2";
				TEST_HOST = "$(BUILT_PRODUCTS_DIR)/Growth99.app/$(BUNDLE_EXECUTABLE_FOLDER_PATH)/Growth99";
			};
			name = Release;
		};
		848F4DAB28F1C164007AC421 /* Debug */ = {
			isa = XCBuildConfiguration;
			baseConfigurationReference = E506E9461890E5340262A1A3 /* Pods-Growth99-Growth99UITests.debug.xcconfig */;
			buildSettings = {
				ALWAYS_EMBED_SWIFT_STANDARD_LIBRARIES = YES;
				CODE_SIGN_STYLE = Automatic;
				CURRENT_PROJECT_VERSION = 1;
				DEVELOPMENT_TEAM = 893P4M6HG3;
				GENERATE_INFOPLIST_FILE = YES;
				MARKETING_VERSION = 1.0;
				PRODUCT_BUNDLE_IDENTIFIER = devemr.growthemr.com.Growth99UITests;
				PRODUCT_NAME = "$(TARGET_NAME)";
				SWIFT_EMIT_LOC_STRINGS = NO;
				SWIFT_VERSION = 5.0;
				TARGETED_DEVICE_FAMILY = "1,2";
				TEST_TARGET_NAME = Growth99;
			};
			name = Debug;
		};
		848F4DAC28F1C164007AC421 /* Release */ = {
			isa = XCBuildConfiguration;
			baseConfigurationReference = 6412355B8E0D08CD421922F9 /* Pods-Growth99-Growth99UITests.release.xcconfig */;
			buildSettings = {
				ALWAYS_EMBED_SWIFT_STANDARD_LIBRARIES = YES;
				CODE_SIGN_STYLE = Automatic;
				CURRENT_PROJECT_VERSION = 1;
				DEVELOPMENT_TEAM = 893P4M6HG3;
				GENERATE_INFOPLIST_FILE = YES;
				MARKETING_VERSION = 1.0;
				PRODUCT_BUNDLE_IDENTIFIER = devemr.growthemr.com.Growth99UITests;
				PRODUCT_NAME = "$(TARGET_NAME)";
				SWIFT_EMIT_LOC_STRINGS = NO;
				SWIFT_VERSION = 5.0;
				TARGETED_DEVICE_FAMILY = "1,2";
				TEST_TARGET_NAME = Growth99;
			};
			name = Release;
		};
/* End XCBuildConfiguration section */

/* Begin XCConfigurationList section */
		848F4D7528F1C160007AC421 /* Build configuration list for PBXProject "Growth99" */ = {
			isa = XCConfigurationList;
			buildConfigurations = (
				848F4DA228F1C164007AC421 /* Debug */,
				848F4DA328F1C164007AC421 /* Release */,
			);
			defaultConfigurationIsVisible = 0;
			defaultConfigurationName = Release;
		};
		848F4DA428F1C164007AC421 /* Build configuration list for PBXNativeTarget "Growth99" */ = {
			isa = XCConfigurationList;
			buildConfigurations = (
				848F4DA528F1C164007AC421 /* Debug */,
				848F4DA628F1C164007AC421 /* Release */,
			);
			defaultConfigurationIsVisible = 0;
			defaultConfigurationName = Release;
		};
		848F4DA728F1C164007AC421 /* Build configuration list for PBXNativeTarget "Growth99Tests" */ = {
			isa = XCConfigurationList;
			buildConfigurations = (
				848F4DA828F1C164007AC421 /* Debug */,
				848F4DA928F1C164007AC421 /* Release */,
			);
			defaultConfigurationIsVisible = 0;
			defaultConfigurationName = Release;
		};
		848F4DAA28F1C164007AC421 /* Build configuration list for PBXNativeTarget "Growth99UITests" */ = {
			isa = XCConfigurationList;
			buildConfigurations = (
				848F4DAB28F1C164007AC421 /* Debug */,
				848F4DAC28F1C164007AC421 /* Release */,
			);
			defaultConfigurationIsVisible = 0;
			defaultConfigurationName = Release;
		};
/* End XCConfigurationList section */
	};
	rootObject = 848F4D7228F1C160007AC421 /* Project object */;
}
